
Microsoft Visual Studio Solution File, Format Version 12.00
# Visual Studio 15
VisualStudioVersion = 15.0.26403.7
MinimumVisualStudioVersion = 10.0.40219.1
Project("{8BC9CEB8-8B4A-11D0-8D11-00A0C91BC942}") = "A", "A.vcxproj", "{B56351F9-8B4F-4BA5-9660-25BB4C9C4907}"
EndProject
Project("{8BC9CEB8-8B4A-11D0-8D11-00A0C91BC942}") = "B", "..\B\B.vcxproj", "{DC255AF4-A438-4C5E-804A-0E48D40EEAA3}"
EndProject
Project("{8BC9CEB8-8B4A-11D0-8D11-00A0C91BC942}") = "C", "..\C\C.vcxproj", "{5F1FA696-D30F-4D0A-B0A8-027056CA702A}"
EndProject
Global
	GlobalSection(SolutionConfigurationPlatforms) = preSolution
		Debug|x64 = Debug|x64
		Debug|x86 = Debug|x86
		Release|x64 = Release|x64
		Release|x86 = Release|x86
	EndGlobalSection
	GlobalSection(ProjectConfigurationPlatforms) = postSolution
		{B56351F9-8B4F-4BA5-9660-25BB4C9C4907}.Debug|x64.ActiveCfg = Debug|x64
		{B56351F9-8B4F-4BA5-9660-25BB4C9C4907}.Debug|x64.Build.0 = Debug|x64
		{B56351F9-8B4F-4BA5-9660-25BB4C9C4907}.Debug|x86.ActiveCfg = Debug|Win32
		{B56351F9-8B4F-4BA5-9660-25BB4C9C4907}.Debug|x86.Build.0 = Debug|Win32
		{B56351F9-8B4F-4BA5-9660-25BB4C9C4907}.Release|x64.ActiveCfg = Release|x64
		{B56351F9-8B4F-4BA5-9660-25BB4C9C4907}.Release|x64.Build.0 = Release|x64
		{B56351F9-8B4F-4BA5-9660-25BB4C9C4907}.Release|x86.ActiveCfg = Release|Win32
		{B56351F9-8B4F-4BA5-9660-25BB4C9C4907}.Release|x86.Build.0 = Release|Win32
		{DC255AF4-A438-4C5E-804A-0E48D40EEAA3}.Debug|x64.ActiveCfg = Debug|x64
		{DC255AF4-A438-4C5E-804A-0E48D40EEAA3}.Debug|x64.Build.0 = Debug|x64
		{DC255AF4-A438-4C5E-804A-0E48D40EEAA3}.Debug|x86.ActiveCfg = Debug|Win32
		{DC255AF4-A438-4C5E-804A-0E48D40EEAA3}.Debug|x86.Build.0 = Debug|Win32
		{DC255AF4-A438-4C5E-804A-0E48D40EEAA3}.Release|x64.ActiveCfg = Release|x64
		{DC255AF4-A438-4C5E-804A-0E48D40EEAA3}.Release|x64.Build.0 = Release|x64
		{DC255AF4-A438-4C5E-804A-0E48D40EEAA3}.Release|x86.ActiveCfg = Release|Win32
		{DC255AF4-A438-4C5E-804A-0E48D40EEAA3}.Release|x86.Build.0 = Release|Win32
		{5F1FA696-D30F-4D0A-B0A8-027056CA702A}.Debug|x64.ActiveCfg = Debug|x64
		{5F1FA696-D30F-4D0A-B0A8-027056CA702A}.Debug|x64.Build.0 = Debug|x64
		{5F1FA696-D30F-4D0A-B0A8-027056CA702A}.Debug|x86.ActiveCfg = Debug|Win32
		{5F1FA696-D30F-4D0A-B0A8-027056CA702A}.Debug|x86.Build.0 = Debug|Win32
		{5F1FA696-D30F-4D0A-B0A8-027056CA702A}.Release|x64.ActiveCfg = Release|x64
		{5F1FA696-D30F-4D0A-B0A8-027056CA702A}.Release|x64.Build.0 = Release|x64
		{5F1FA696-D30F-4D0A-B0A8-027056CA702A}.Release|x86.ActiveCfg = Release|Win32
		{5F1FA696-D30F-4D0A-B0A8-027056CA702A}.Release|x86.Build.0 = Release|Win32
	EndGlobalSection
	GlobalSection(SolutionProperties) = preSolution
		HideSolutionNode = FALSE
	EndGlobalSection
EndGlobal
