
Microsoft Visual Studio Solution File, Format Version 12.00
# Visual Studio 15
VisualStudioVersion = 15.0.26730.16
MinimumVisualStudioVersion = 10.0.40219.1
Project("{8BC9CEB8-8B4A-11D0-8D11-00A0C91BC942}") = "A", "864\A\A.vcxproj", "{0E9B0FF9-D2CA-4DDC-807C-D62F856273E5}"
EndProject
Project("{8BC9CEB8-8B4A-11D0-8D11-00A0C91BC942}") = "B", "864\B\B.vcxproj", "{37A80ED9-2159-4728-96F0-DA5C0B6ADA26}"
EndProject
Project("{8BC9CEB8-8B4A-11D0-8D11-00A0C91BC942}") = "C", "864\C\C.vcxproj", "{223B3370-8D10-4E11-B713-1E71BEEF1929}"
EndProject
Project("{8BC9CEB8-8B4A-11D0-8D11-00A0C91BC942}") = "D", "864\D\D.vcxproj", "{6CEC2E9C-B51B-4F60-B1EF-F18CE5803677}"
EndProject
Project("{8BC9CEB8-8B4A-11D0-8D11-00A0C91BC942}") = "E", "864\E\E.vcxproj", "{5BB24C9E-82E9-4251-8EFD-0A870DD1E3BF}"
EndProject
Global
	GlobalSection(SolutionConfigurationPlatforms) = preSolution
		Debug|x64 = Debug|x64
		Debug|x86 = Debug|x86
		Release|x64 = Release|x64
		Release|x86 = Release|x86
	EndGlobalSection
	GlobalSection(ProjectConfigurationPlatforms) = postSolution
		{0E9B0FF9-D2CA-4DDC-807C-D62F856273E5}.Debug|x64.ActiveCfg = Debug|x64
		{0E9B0FF9-D2CA-4DDC-807C-D62F856273E5}.Debug|x64.Build.0 = Debug|x64
		{0E9B0FF9-D2CA-4DDC-807C-D62F856273E5}.Debug|x86.ActiveCfg = Debug|Win32
		{0E9B0FF9-D2CA-4DDC-807C-D62F856273E5}.Debug|x86.Build.0 = Debug|Win32
		{0E9B0FF9-D2CA-4DDC-807C-D62F856273E5}.Debug|x86.Deploy.0 = Debug|Win32
		{0E9B0FF9-D2CA-4DDC-807C-D62F856273E5}.Release|x64.ActiveCfg = Release|x64
		{0E9B0FF9-D2CA-4DDC-807C-D62F856273E5}.Release|x64.Build.0 = Release|x64
		{0E9B0FF9-D2CA-4DDC-807C-D62F856273E5}.Release|x86.ActiveCfg = Release|Win32
		{0E9B0FF9-D2CA-4DDC-807C-D62F856273E5}.Release|x86.Build.0 = Release|Win32
		{0E9B0FF9-D2CA-4DDC-807C-D62F856273E5}.Release|x86.Deploy.0 = Release|Win32
		{37A80ED9-2159-4728-96F0-DA5C0B6ADA26}.Debug|x64.ActiveCfg = Debug|x64
		{37A80ED9-2159-4728-96F0-DA5C0B6ADA26}.Debug|x64.Build.0 = Debug|x64
		{37A80ED9-2159-4728-96F0-DA5C0B6ADA26}.Debug|x86.ActiveCfg = Debug|Win32
		{37A80ED9-2159-4728-96F0-DA5C0B6ADA26}.Debug|x86.Build.0 = Debug|Win32
		{37A80ED9-2159-4728-96F0-DA5C0B6ADA26}.Debug|x86.Deploy.0 = Debug|Win32
		{37A80ED9-2159-4728-96F0-DA5C0B6ADA26}.Release|x64.ActiveCfg = Release|x64
		{37A80ED9-2159-4728-96F0-DA5C0B6ADA26}.Release|x64.Build.0 = Release|x64
		{37A80ED9-2159-4728-96F0-DA5C0B6ADA26}.Release|x86.ActiveCfg = Release|Win32
		{37A80ED9-2159-4728-96F0-DA5C0B6ADA26}.Release|x86.Build.0 = Release|Win32
		{37A80ED9-2159-4728-96F0-DA5C0B6ADA26}.Release|x86.Deploy.0 = Release|Win32
		{223B3370-8D10-4E11-B713-1E71BEEF1929}.Debug|x64.ActiveCfg = Debug|x64
		{223B3370-8D10-4E11-B713-1E71BEEF1929}.Debug|x64.Build.0 = Debug|x64
		{223B3370-8D10-4E11-B713-1E71BEEF1929}.Debug|x86.ActiveCfg = Debug|Win32
		{223B3370-8D10-4E11-B713-1E71BEEF1929}.Debug|x86.Build.0 = Debug|Win32
		{223B3370-8D10-4E11-B713-1E71BEEF1929}.Debug|x86.Deploy.0 = Debug|Win32
		{223B3370-8D10-4E11-B713-1E71BEEF1929}.Release|x64.ActiveCfg = Release|x64
		{223B3370-8D10-4E11-B713-1E71BEEF1929}.Release|x64.Build.0 = Release|x64
		{223B3370-8D10-4E11-B713-1E71BEEF1929}.Release|x86.ActiveCfg = Release|Win32
		{223B3370-8D10-4E11-B713-1E71BEEF1929}.Release|x86.Build.0 = Release|Win32
		{223B3370-8D10-4E11-B713-1E71BEEF1929}.Release|x86.Deploy.0 = Release|Win32
		{6CEC2E9C-B51B-4F60-B1EF-F18CE5803677}.Debug|x64.ActiveCfg = Debug|x64
		{6CEC2E9C-B51B-4F60-B1EF-F18CE5803677}.Debug|x64.Build.0 = Debug|x64
		{6CEC2E9C-B51B-4F60-B1EF-F18CE5803677}.Debug|x86.ActiveCfg = Debug|Win32
		{6CEC2E9C-B51B-4F60-B1EF-F18CE5803677}.Debug|x86.Build.0 = Debug|Win32
		{6CEC2E9C-B51B-4F60-B1EF-F18CE5803677}.Debug|x86.Deploy.0 = Debug|Win32
		{6CEC2E9C-B51B-4F60-B1EF-F18CE5803677}.Release|x64.ActiveCfg = Release|x64
		{6CEC2E9C-B51B-4F60-B1EF-F18CE5803677}.Release|x64.Build.0 = Release|x64
		{6CEC2E9C-B51B-4F60-B1EF-F18CE5803677}.Release|x86.ActiveCfg = Release|Win32
		{6CEC2E9C-B51B-4F60-B1EF-F18CE5803677}.Release|x86.Build.0 = Release|Win32
		{6CEC2E9C-B51B-4F60-B1EF-F18CE5803677}.Release|x86.Deploy.0 = Release|Win32
		{5BB24C9E-82E9-4251-8EFD-0A870DD1E3BF}.Debug|x64.ActiveCfg = Debug|x64
		{5BB24C9E-82E9-4251-8EFD-0A870DD1E3BF}.Debug|x64.Build.0 = Debug|x64
		{5BB24C9E-82E9-4251-8EFD-0A870DD1E3BF}.Debug|x86.ActiveCfg = Debug|Win32
		{5BB24C9E-82E9-4251-8EFD-0A870DD1E3BF}.Debug|x86.Build.0 = Debug|Win32
		{5BB24C9E-82E9-4251-8EFD-0A870DD1E3BF}.Debug|x86.Deploy.0 = Debug|Win32
		{5BB24C9E-82E9-4251-8EFD-0A870DD1E3BF}.Release|x64.ActiveCfg = Release|x64
		{5BB24C9E-82E9-4251-8EFD-0A870DD1E3BF}.Release|x64.Build.0 = Release|x64
		{5BB24C9E-82E9-4251-8EFD-0A870DD1E3BF}.Release|x86.ActiveCfg = Release|Win32
		{5BB24C9E-82E9-4251-8EFD-0A870DD1E3BF}.Release|x86.Build.0 = Release|Win32
		{5BB24C9E-82E9-4251-8EFD-0A870DD1E3BF}.Release|x86.Deploy.0 = Release|Win32
	EndGlobalSection
	GlobalSection(SolutionProperties) = preSolution
		HideSolutionNode = FALSE
	EndGlobalSection
	GlobalSection(ExtensibilityGlobals) = postSolution
		SolutionGuid = {4A87886E-141F-424D-9A5C-886016B623AA}
	EndGlobalSection
EndGlobal
