
Microsoft Visual Studio Solution File, Format Version 12.00
# Visual Studio 15
VisualStudioVersion = 15.0.27004.2005
MinimumVisualStudioVersion = 10.0.40219.1
Project("{8BC9CEB8-8B4A-11D0-8D11-00A0C91BC942}") = "A", "ABBA\A\A.vcxproj", "{4453B388-A919-4899-80FA-75251A7A20D6}"
EndProject
Project("{8BC9CEB8-8B4A-11D0-8D11-00A0C91BC942}") = "B", "ABBA\B\B.vcxproj", "{4E41E9D2-09E5-4E8D-BB5B-0ED9ADB28ABE}"
EndProject
Project("{8BC9CEB8-8B4A-11D0-8D11-00A0C91BC942}") = "C", "ABBA\C\C.vcxproj", "{281AE19D-6750-4526-80AB-AAFC71B78BF4}"
EndProject
Project("{8BC9CEB8-8B4A-11D0-8D11-00A0C91BC942}") = "D", "ABBA\D\D.vcxproj", "{4BC515F5-75C3-42F2-B732-5A908DFBCA11}"
EndProject
Project("{8BC9CEB8-8B4A-11D0-8D11-00A0C91BC942}") = "E", "ABBA\E\E.vcxproj", "{A1BC43BB-932A-44D5-9C10-7534F59DC349}"
EndProject
Project("{8BC9CEB8-8B4A-11D0-8D11-00A0C91BC942}") = "F", "F\F.vcxproj", "{AF707A42-17F0-48C8-9EEA-6E94B2B9123E}"
EndProject
Project("{8BC9CEB8-8B4A-11D0-8D11-00A0C91BC942}") = "G", "ABBA\G\G.vcxproj", "{B1835755-8A0A-437A-8282-AF3F9BBAAFC3}"
EndProject
Project("{8BC9CEB8-8B4A-11D0-8D11-00A0C91BC942}") = "H", "ABBA\H\H.vcxproj", "{0FEF6B2A-2A00-4962-99DE-166EBAA5632C}"
EndProject
Project("{8BC9CEB8-8B4A-11D0-8D11-00A0C91BC942}") = "I", "ABBA\I\I.vcxproj", "{AF6B22D8-C63F-4E68-9EAC-49C386EA4CDF}"
EndProject
Project("{8BC9CEB8-8B4A-11D0-8D11-00A0C91BC942}") = "K", "ABBA\K\K.vcxproj", "{BDB584E1-7C6B-456C-A9CF-08F7CE87DF84}"
EndProject
Global
	GlobalSection(SolutionConfigurationPlatforms) = preSolution
		Debug|x64 = Debug|x64
		Debug|x86 = Debug|x86
		Release|x64 = Release|x64
		Release|x86 = Release|x86
	EndGlobalSection
	GlobalSection(ProjectConfigurationPlatforms) = postSolution
		{4453B388-A919-4899-80FA-75251A7A20D6}.Debug|x64.ActiveCfg = Debug|x64
		{4453B388-A919-4899-80FA-75251A7A20D6}.Debug|x64.Build.0 = Debug|x64
		{4453B388-A919-4899-80FA-75251A7A20D6}.Debug|x86.ActiveCfg = Debug|Win32
		{4453B388-A919-4899-80FA-75251A7A20D6}.Debug|x86.Build.0 = Debug|Win32
		{4453B388-A919-4899-80FA-75251A7A20D6}.Release|x64.ActiveCfg = Release|x64
		{4453B388-A919-4899-80FA-75251A7A20D6}.Release|x64.Build.0 = Release|x64
		{4453B388-A919-4899-80FA-75251A7A20D6}.Release|x86.ActiveCfg = Release|Win32
		{4453B388-A919-4899-80FA-75251A7A20D6}.Release|x86.Build.0 = Release|Win32
		{4E41E9D2-09E5-4E8D-BB5B-0ED9ADB28ABE}.Debug|x64.ActiveCfg = Debug|x64
		{4E41E9D2-09E5-4E8D-BB5B-0ED9ADB28ABE}.Debug|x64.Build.0 = Debug|x64
		{4E41E9D2-09E5-4E8D-BB5B-0ED9ADB28ABE}.Debug|x86.ActiveCfg = Debug|Win32
		{4E41E9D2-09E5-4E8D-BB5B-0ED9ADB28ABE}.Debug|x86.Build.0 = Debug|Win32
		{4E41E9D2-09E5-4E8D-BB5B-0ED9ADB28ABE}.Release|x64.ActiveCfg = Release|x64
		{4E41E9D2-09E5-4E8D-BB5B-0ED9ADB28ABE}.Release|x64.Build.0 = Release|x64
		{4E41E9D2-09E5-4E8D-BB5B-0ED9ADB28ABE}.Release|x86.ActiveCfg = Release|Win32
		{4E41E9D2-09E5-4E8D-BB5B-0ED9ADB28ABE}.Release|x86.Build.0 = Release|Win32
		{281AE19D-6750-4526-80AB-AAFC71B78BF4}.Debug|x64.ActiveCfg = Debug|x64
		{281AE19D-6750-4526-80AB-AAFC71B78BF4}.Debug|x64.Build.0 = Debug|x64
		{281AE19D-6750-4526-80AB-AAFC71B78BF4}.Debug|x86.ActiveCfg = Debug|Win32
		{281AE19D-6750-4526-80AB-AAFC71B78BF4}.Debug|x86.Build.0 = Debug|Win32
		{281AE19D-6750-4526-80AB-AAFC71B78BF4}.Release|x64.ActiveCfg = Release|x64
		{281AE19D-6750-4526-80AB-AAFC71B78BF4}.Release|x64.Build.0 = Release|x64
		{281AE19D-6750-4526-80AB-AAFC71B78BF4}.Release|x86.ActiveCfg = Release|Win32
		{281AE19D-6750-4526-80AB-AAFC71B78BF4}.Release|x86.Build.0 = Release|Win32
		{4BC515F5-75C3-42F2-B732-5A908DFBCA11}.Debug|x64.ActiveCfg = Debug|x64
		{4BC515F5-75C3-42F2-B732-5A908DFBCA11}.Debug|x64.Build.0 = Debug|x64
		{4BC515F5-75C3-42F2-B732-5A908DFBCA11}.Debug|x86.ActiveCfg = Debug|Win32
		{4BC515F5-75C3-42F2-B732-5A908DFBCA11}.Debug|x86.Build.0 = Debug|Win32
		{4BC515F5-75C3-42F2-B732-5A908DFBCA11}.Release|x64.ActiveCfg = Release|x64
		{4BC515F5-75C3-42F2-B732-5A908DFBCA11}.Release|x64.Build.0 = Release|x64
		{4BC515F5-75C3-42F2-B732-5A908DFBCA11}.Release|x86.ActiveCfg = Release|Win32
		{4BC515F5-75C3-42F2-B732-5A908DFBCA11}.Release|x86.Build.0 = Release|Win32
		{A1BC43BB-932A-44D5-9C10-7534F59DC349}.Debug|x64.ActiveCfg = Debug|x64
		{A1BC43BB-932A-44D5-9C10-7534F59DC349}.Debug|x64.Build.0 = Debug|x64
		{A1BC43BB-932A-44D5-9C10-7534F59DC349}.Debug|x86.ActiveCfg = Debug|Win32
		{A1BC43BB-932A-44D5-9C10-7534F59DC349}.Debug|x86.Build.0 = Debug|Win32
		{A1BC43BB-932A-44D5-9C10-7534F59DC349}.Release|x64.ActiveCfg = Release|x64
		{A1BC43BB-932A-44D5-9C10-7534F59DC349}.Release|x64.Build.0 = Release|x64
		{A1BC43BB-932A-44D5-9C10-7534F59DC349}.Release|x86.ActiveCfg = Release|Win32
		{A1BC43BB-932A-44D5-9C10-7534F59DC349}.Release|x86.Build.0 = Release|Win32
		{AF707A42-17F0-48C8-9EEA-6E94B2B9123E}.Debug|x64.ActiveCfg = Debug|x64
		{AF707A42-17F0-48C8-9EEA-6E94B2B9123E}.Debug|x64.Build.0 = Debug|x64
		{AF707A42-17F0-48C8-9EEA-6E94B2B9123E}.Debug|x86.ActiveCfg = Debug|Win32
		{AF707A42-17F0-48C8-9EEA-6E94B2B9123E}.Debug|x86.Build.0 = Debug|Win32
		{AF707A42-17F0-48C8-9EEA-6E94B2B9123E}.Release|x64.ActiveCfg = Release|x64
		{AF707A42-17F0-48C8-9EEA-6E94B2B9123E}.Release|x64.Build.0 = Release|x64
		{AF707A42-17F0-48C8-9EEA-6E94B2B9123E}.Release|x86.ActiveCfg = Release|Win32
		{AF707A42-17F0-48C8-9EEA-6E94B2B9123E}.Release|x86.Build.0 = Release|Win32
		{B1835755-8A0A-437A-8282-AF3F9BBAAFC3}.Debug|x64.ActiveCfg = Debug|x64
		{B1835755-8A0A-437A-8282-AF3F9BBAAFC3}.Debug|x64.Build.0 = Debug|x64
		{B1835755-8A0A-437A-8282-AF3F9BBAAFC3}.Debug|x86.ActiveCfg = Debug|Win32
		{B1835755-8A0A-437A-8282-AF3F9BBAAFC3}.Debug|x86.Build.0 = Debug|Win32
		{B1835755-8A0A-437A-8282-AF3F9BBAAFC3}.Release|x64.ActiveCfg = Release|x64
		{B1835755-8A0A-437A-8282-AF3F9BBAAFC3}.Release|x64.Build.0 = Release|x64
		{B1835755-8A0A-437A-8282-AF3F9BBAAFC3}.Release|x86.ActiveCfg = Release|Win32
		{B1835755-8A0A-437A-8282-AF3F9BBAAFC3}.Release|x86.Build.0 = Release|Win32
		{0FEF6B2A-2A00-4962-99DE-166EBAA5632C}.Debug|x64.ActiveCfg = Debug|x64
		{0FEF6B2A-2A00-4962-99DE-166EBAA5632C}.Debug|x64.Build.0 = Debug|x64
		{0FEF6B2A-2A00-4962-99DE-166EBAA5632C}.Debug|x86.ActiveCfg = Debug|Win32
		{0FEF6B2A-2A00-4962-99DE-166EBAA5632C}.Debug|x86.Build.0 = Debug|Win32
		{0FEF6B2A-2A00-4962-99DE-166EBAA5632C}.Release|x64.ActiveCfg = Release|x64
		{0FEF6B2A-2A00-4962-99DE-166EBAA5632C}.Release|x64.Build.0 = Release|x64
		{0FEF6B2A-2A00-4962-99DE-166EBAA5632C}.Release|x86.ActiveCfg = Release|Win32
		{0FEF6B2A-2A00-4962-99DE-166EBAA5632C}.Release|x86.Build.0 = Release|Win32
		{AF6B22D8-C63F-4E68-9EAC-49C386EA4CDF}.Debug|x64.ActiveCfg = Debug|x64
		{AF6B22D8-C63F-4E68-9EAC-49C386EA4CDF}.Debug|x64.Build.0 = Debug|x64
		{AF6B22D8-C63F-4E68-9EAC-49C386EA4CDF}.Debug|x86.ActiveCfg = Debug|Win32
		{AF6B22D8-C63F-4E68-9EAC-49C386EA4CDF}.Debug|x86.Build.0 = Debug|Win32
		{AF6B22D8-C63F-4E68-9EAC-49C386EA4CDF}.Release|x64.ActiveCfg = Release|x64
		{AF6B22D8-C63F-4E68-9EAC-49C386EA4CDF}.Release|x64.Build.0 = Release|x64
		{AF6B22D8-C63F-4E68-9EAC-49C386EA4CDF}.Release|x86.ActiveCfg = Release|Win32
		{AF6B22D8-C63F-4E68-9EAC-49C386EA4CDF}.Release|x86.Build.0 = Release|Win32
		{BDB584E1-7C6B-456C-A9CF-08F7CE87DF84}.Debug|x64.ActiveCfg = Debug|x64
		{BDB584E1-7C6B-456C-A9CF-08F7CE87DF84}.Debug|x64.Build.0 = Debug|x64
		{BDB584E1-7C6B-456C-A9CF-08F7CE87DF84}.Debug|x86.ActiveCfg = Debug|Win32
		{BDB584E1-7C6B-456C-A9CF-08F7CE87DF84}.Debug|x86.Build.0 = Debug|Win32
		{BDB584E1-7C6B-456C-A9CF-08F7CE87DF84}.Release|x64.ActiveCfg = Release|x64
		{BDB584E1-7C6B-456C-A9CF-08F7CE87DF84}.Release|x64.Build.0 = Release|x64
		{BDB584E1-7C6B-456C-A9CF-08F7CE87DF84}.Release|x86.ActiveCfg = Release|Win32
		{BDB584E1-7C6B-456C-A9CF-08F7CE87DF84}.Release|x86.Build.0 = Release|Win32
	EndGlobalSection
	GlobalSection(SolutionProperties) = preSolution
		HideSolutionNode = FALSE
	EndGlobalSection
	GlobalSection(ExtensibilityGlobals) = postSolution
		SolutionGuid = {CFD6811C-86DB-4FFA-BF89-C46493C74D0D}
	EndGlobalSection
EndGlobal
