
Microsoft Visual Studio Solution File, Format Version 12.00
# Visual Studio 15
VisualStudioVersion = 15.0.27428.2043
MinimumVisualStudioVersion = 10.0.40219.1
Project("{8BC9CEB8-8B4A-11D0-8D11-00A0C91BC942}") = "A", "821\A\A.vcxproj", "{E415C870-DB22-40FB-83CA-11FBD236C917}"
EndProject
Project("{8BC9CEB8-8B4A-11D0-8D11-00A0C91BC942}") = "B", "821\B\B.vcxproj", "{B215510C-3F00-47F4-82F5-A85AD3A5E0A7}"
EndProject
Project("{8BC9CEB8-8B4A-11D0-8D11-00A0C91BC942}") = "C", "821\C\C.vcxproj", "{C81EB7C0-CE00-4DE1-8D22-478947FF6635}"
EndProject
Project("{8BC9CEB8-8B4A-11D0-8D11-00A0C91BC942}") = "D", "821\D\D.vcxproj", "{EDFD7C81-3461-452D-AF51-216F7A18E2E2}"
EndProject
Project("{8BC9CEB8-8B4A-11D0-8D11-00A0C91BC942}") = "E", "821\E\E.vcxproj", "{D73BDFB4-2ACD-4CE5-9353-EF741E31FB1B}"
EndProject
Global
	GlobalSection(SolutionConfigurationPlatforms) = preSolution
		Debug|x64 = Debug|x64
		Debug|x86 = Debug|x86
		Release|x64 = Release|x64
		Release|x86 = Release|x86
	EndGlobalSection
	GlobalSection(ProjectConfigurationPlatforms) = postSolution
		{E415C870-DB22-40FB-83CA-11FBD236C917}.Debug|x64.ActiveCfg = Debug|x64
		{E415C870-DB22-40FB-83CA-11FBD236C917}.Debug|x64.Build.0 = Debug|x64
		{E415C870-DB22-40FB-83CA-11FBD236C917}.Debug|x86.ActiveCfg = Debug|Win32
		{E415C870-DB22-40FB-83CA-11FBD236C917}.Debug|x86.Build.0 = Debug|Win32
		{E415C870-DB22-40FB-83CA-11FBD236C917}.Release|x64.ActiveCfg = Release|x64
		{E415C870-DB22-40FB-83CA-11FBD236C917}.Release|x64.Build.0 = Release|x64
		{E415C870-DB22-40FB-83CA-11FBD236C917}.Release|x86.ActiveCfg = Release|Win32
		{E415C870-DB22-40FB-83CA-11FBD236C917}.Release|x86.Build.0 = Release|Win32
		{B215510C-3F00-47F4-82F5-A85AD3A5E0A7}.Debug|x64.ActiveCfg = Debug|x64
		{B215510C-3F00-47F4-82F5-A85AD3A5E0A7}.Debug|x64.Build.0 = Debug|x64
		{B215510C-3F00-47F4-82F5-A85AD3A5E0A7}.Debug|x86.ActiveCfg = Debug|Win32
		{B215510C-3F00-47F4-82F5-A85AD3A5E0A7}.Debug|x86.Build.0 = Debug|Win32
		{B215510C-3F00-47F4-82F5-A85AD3A5E0A7}.Release|x64.ActiveCfg = Release|x64
		{B215510C-3F00-47F4-82F5-A85AD3A5E0A7}.Release|x64.Build.0 = Release|x64
		{B215510C-3F00-47F4-82F5-A85AD3A5E0A7}.Release|x86.ActiveCfg = Release|Win32
		{B215510C-3F00-47F4-82F5-A85AD3A5E0A7}.Release|x86.Build.0 = Release|Win32
		{C81EB7C0-CE00-4DE1-8D22-478947FF6635}.Debug|x64.ActiveCfg = Debug|x64
		{C81EB7C0-CE00-4DE1-8D22-478947FF6635}.Debug|x64.Build.0 = Debug|x64
		{C81EB7C0-CE00-4DE1-8D22-478947FF6635}.Debug|x86.ActiveCfg = Debug|Win32
		{C81EB7C0-CE00-4DE1-8D22-478947FF6635}.Debug|x86.Build.0 = Debug|Win32
		{C81EB7C0-CE00-4DE1-8D22-478947FF6635}.Release|x64.ActiveCfg = Release|x64
		{C81EB7C0-CE00-4DE1-8D22-478947FF6635}.Release|x64.Build.0 = Release|x64
		{C81EB7C0-CE00-4DE1-8D22-478947FF6635}.Release|x86.ActiveCfg = Release|Win32
		{C81EB7C0-CE00-4DE1-8D22-478947FF6635}.Release|x86.Build.0 = Release|Win32
		{EDFD7C81-3461-452D-AF51-216F7A18E2E2}.Debug|x64.ActiveCfg = Debug|x64
		{EDFD7C81-3461-452D-AF51-216F7A18E2E2}.Debug|x64.Build.0 = Debug|x64
		{EDFD7C81-3461-452D-AF51-216F7A18E2E2}.Debug|x86.ActiveCfg = Debug|Win32
		{EDFD7C81-3461-452D-AF51-216F7A18E2E2}.Debug|x86.Build.0 = Debug|Win32
		{EDFD7C81-3461-452D-AF51-216F7A18E2E2}.Release|x64.ActiveCfg = Release|x64
		{EDFD7C81-3461-452D-AF51-216F7A18E2E2}.Release|x64.Build.0 = Release|x64
		{EDFD7C81-3461-452D-AF51-216F7A18E2E2}.Release|x86.ActiveCfg = Release|Win32
		{EDFD7C81-3461-452D-AF51-216F7A18E2E2}.Release|x86.Build.0 = Release|Win32
		{D73BDFB4-2ACD-4CE5-9353-EF741E31FB1B}.Debug|x64.ActiveCfg = Debug|x64
		{D73BDFB4-2ACD-4CE5-9353-EF741E31FB1B}.Debug|x64.Build.0 = Debug|x64
		{D73BDFB4-2ACD-4CE5-9353-EF741E31FB1B}.Debug|x86.ActiveCfg = Debug|Win32
		{D73BDFB4-2ACD-4CE5-9353-EF741E31FB1B}.Debug|x86.Build.0 = Debug|Win32
		{D73BDFB4-2ACD-4CE5-9353-EF741E31FB1B}.Release|x64.ActiveCfg = Release|x64
		{D73BDFB4-2ACD-4CE5-9353-EF741E31FB1B}.Release|x64.Build.0 = Release|x64
		{D73BDFB4-2ACD-4CE5-9353-EF741E31FB1B}.Release|x86.ActiveCfg = Release|Win32
		{D73BDFB4-2ACD-4CE5-9353-EF741E31FB1B}.Release|x86.Build.0 = Release|Win32
	EndGlobalSection
	GlobalSection(SolutionProperties) = preSolution
		HideSolutionNode = FALSE
	EndGlobalSection
	GlobalSection(ExtensibilityGlobals) = postSolution
		SolutionGuid = {569618ED-0D70-4FF6-827E-592A6CC1AB30}
	EndGlobalSection
EndGlobal
