
Microsoft Visual Studio Solution File, Format Version 12.00
# Visual Studio 14
VisualStudioVersion = 14.0.25420.1
MinimumVisualStudioVersion = 10.0.40219.1
Project("{8BC9CEB8-8B4A-11D0-8D11-00A0C91BC942}") = "A. Interview with Oleg", "A. Interview with Oleg\A. Interview with Oleg.vcxproj", "{68F36645-45DB-489D-832E-08AF7D6602A0}"
EndProject
Project("{8BC9CEB8-8B4A-11D0-8D11-00A0C91BC942}") = "B. Spotlights", "B. Spotlights\B. Spotlights.vcxproj", "{37AE4EE2-15DF-4696-B27C-3F264898F066}"
EndProject
Project("{8BC9CEB8-8B4A-11D0-8D11-00A0C91BC942}") = "C. Road to Cinema", "C. Road to Cinema\C. Road to Cinema.vcxproj", "{B4C93FB9-1548-42E4-A3BD-FB8305401D40}"
EndProject
Project("{8BC9CEB8-8B4A-11D0-8D11-00A0C91BC942}") = "D. Sea Battle", "D. Sea Battle\D. Sea Battle.vcxproj", "{8F96D85C-4EF7-495C-90F0-E322FF68DE2B}"
EndProject
Project("{8BC9CEB8-8B4A-11D0-8D11-00A0C91BC942}") = "E. Subordinates", "E. Subordinates\E. Subordinates.vcxproj", "{AF82774E-E322-4764-A9AB-B3FF7F520B1E}"
EndProject
Global
	GlobalSection(SolutionConfigurationPlatforms) = preSolution
		Debug|x64 = Debug|x64
		Debug|x86 = Debug|x86
		Release|x64 = Release|x64
		Release|x86 = Release|x86
	EndGlobalSection
	GlobalSection(ProjectConfigurationPlatforms) = postSolution
		{68F36645-45DB-489D-832E-08AF7D6602A0}.Debug|x64.ActiveCfg = Debug|x64
		{68F36645-45DB-489D-832E-08AF7D6602A0}.Debug|x64.Build.0 = Debug|x64
		{68F36645-45DB-489D-832E-08AF7D6602A0}.Debug|x86.ActiveCfg = Debug|Win32
		{68F36645-45DB-489D-832E-08AF7D6602A0}.Debug|x86.Build.0 = Debug|Win32
		{68F36645-45DB-489D-832E-08AF7D6602A0}.Release|x64.ActiveCfg = Release|x64
		{68F36645-45DB-489D-832E-08AF7D6602A0}.Release|x64.Build.0 = Release|x64
		{68F36645-45DB-489D-832E-08AF7D6602A0}.Release|x86.ActiveCfg = Release|Win32
		{68F36645-45DB-489D-832E-08AF7D6602A0}.Release|x86.Build.0 = Release|Win32
		{37AE4EE2-15DF-4696-B27C-3F264898F066}.Debug|x64.ActiveCfg = Debug|x64
		{37AE4EE2-15DF-4696-B27C-3F264898F066}.Debug|x64.Build.0 = Debug|x64
		{37AE4EE2-15DF-4696-B27C-3F264898F066}.Debug|x86.ActiveCfg = Debug|Win32
		{37AE4EE2-15DF-4696-B27C-3F264898F066}.Debug|x86.Build.0 = Debug|Win32
		{37AE4EE2-15DF-4696-B27C-3F264898F066}.Release|x64.ActiveCfg = Release|x64
		{37AE4EE2-15DF-4696-B27C-3F264898F066}.Release|x64.Build.0 = Release|x64
		{37AE4EE2-15DF-4696-B27C-3F264898F066}.Release|x86.ActiveCfg = Release|Win32
		{37AE4EE2-15DF-4696-B27C-3F264898F066}.Release|x86.Build.0 = Release|Win32
		{B4C93FB9-1548-42E4-A3BD-FB8305401D40}.Debug|x64.ActiveCfg = Debug|x64
		{B4C93FB9-1548-42E4-A3BD-FB8305401D40}.Debug|x64.Build.0 = Debug|x64
		{B4C93FB9-1548-42E4-A3BD-FB8305401D40}.Debug|x86.ActiveCfg = Debug|Win32
		{B4C93FB9-1548-42E4-A3BD-FB8305401D40}.Debug|x86.Build.0 = Debug|Win32
		{B4C93FB9-1548-42E4-A3BD-FB8305401D40}.Release|x64.ActiveCfg = Release|x64
		{B4C93FB9-1548-42E4-A3BD-FB8305401D40}.Release|x64.Build.0 = Release|x64
		{B4C93FB9-1548-42E4-A3BD-FB8305401D40}.Release|x86.ActiveCfg = Release|Win32
		{B4C93FB9-1548-42E4-A3BD-FB8305401D40}.Release|x86.Build.0 = Release|Win32
		{8F96D85C-4EF7-495C-90F0-E322FF68DE2B}.Debug|x64.ActiveCfg = Debug|x64
		{8F96D85C-4EF7-495C-90F0-E322FF68DE2B}.Debug|x64.Build.0 = Debug|x64
		{8F96D85C-4EF7-495C-90F0-E322FF68DE2B}.Debug|x86.ActiveCfg = Debug|Win32
		{8F96D85C-4EF7-495C-90F0-E322FF68DE2B}.Debug|x86.Build.0 = Debug|Win32
		{8F96D85C-4EF7-495C-90F0-E322FF68DE2B}.Release|x64.ActiveCfg = Release|x64
		{8F96D85C-4EF7-495C-90F0-E322FF68DE2B}.Release|x64.Build.0 = Release|x64
		{8F96D85C-4EF7-495C-90F0-E322FF68DE2B}.Release|x86.ActiveCfg = Release|Win32
		{8F96D85C-4EF7-495C-90F0-E322FF68DE2B}.Release|x86.Build.0 = Release|Win32
		{AF82774E-E322-4764-A9AB-B3FF7F520B1E}.Debug|x64.ActiveCfg = Debug|x64
		{AF82774E-E322-4764-A9AB-B3FF7F520B1E}.Debug|x64.Build.0 = Debug|x64
		{AF82774E-E322-4764-A9AB-B3FF7F520B1E}.Debug|x86.ActiveCfg = Debug|Win32
		{AF82774E-E322-4764-A9AB-B3FF7F520B1E}.Debug|x86.Build.0 = Debug|Win32
		{AF82774E-E322-4764-A9AB-B3FF7F520B1E}.Release|x64.ActiveCfg = Release|x64
		{AF82774E-E322-4764-A9AB-B3FF7F520B1E}.Release|x64.Build.0 = Release|x64
		{AF82774E-E322-4764-A9AB-B3FF7F520B1E}.Release|x86.ActiveCfg = Release|Win32
		{AF82774E-E322-4764-A9AB-B3FF7F520B1E}.Release|x86.Build.0 = Release|Win32
	EndGlobalSection
	GlobalSection(SolutionProperties) = preSolution
		HideSolutionNode = FALSE
	EndGlobalSection
EndGlobal
