
Microsoft Visual Studio Solution File, Format Version 12.00
# Visual Studio 15
VisualStudioVersion = 15.0.27004.2005
MinimumVisualStudioVersion = 10.0.40219.1
Project("{8BC9CEB8-8B4A-11D0-8D11-00A0C91BC942}") = "A", "224500\A\A.vcxproj", "{13077503-F4BF-46A4-A49C-67E0957D4D5E}"
EndProject
Project("{8BC9CEB8-8B4A-11D0-8D11-00A0C91BC942}") = "B", "224500\B\B.vcxproj", "{91FA099F-8CFF-4878-8E61-7123DE1E88FC}"
EndProject
Project("{8BC9CEB8-8B4A-11D0-8D11-00A0C91BC942}") = "C", "224500\C\C.vcxproj", "{0883D76A-84A7-482D-9DEC-EBE36E3FD717}"
EndProject
Project("{8BC9CEB8-8B4A-11D0-8D11-00A0C91BC942}") = "D", "224500\D\D.vcxproj", "{E60D4631-C99C-431A-97EE-6B4EC5600B2E}"
EndProject
Project("{8BC9CEB8-8B4A-11D0-8D11-00A0C91BC942}") = "E", "224500\E\E.vcxproj", "{ABEBA2D9-C943-42EB-A6B6-5421CDD4F501}"
EndProject
Project("{8BC9CEB8-8B4A-11D0-8D11-00A0C91BC942}") = "F", "224500\F\F.vcxproj", "{3F0BCCC9-84F7-4D34-8C8C-7E7D7A23486B}"
EndProject
Project("{8BC9CEB8-8B4A-11D0-8D11-00A0C91BC942}") = "G", "224500\G\G.vcxproj", "{BD3A10BD-2411-4634-A9B7-6EEE5DD9C3D8}"
EndProject
Project("{8BC9CEB8-8B4A-11D0-8D11-00A0C91BC942}") = "H", "224500\H\H.vcxproj", "{BA0802B7-700F-4C6A-8EF6-14477BB3132E}"
EndProject
Project("{8BC9CEB8-8B4A-11D0-8D11-00A0C91BC942}") = "I", "224500\I\I.vcxproj", "{EBC07C4E-7FA3-4714-A814-A1C66ABDD1A9}"
EndProject
Project("{8BC9CEB8-8B4A-11D0-8D11-00A0C91BC942}") = "J", "224500\J\J.vcxproj", "{9C60B29C-F234-4526-A9B3-132B857C3EB1}"
EndProject
Project("{8BC9CEB8-8B4A-11D0-8D11-00A0C91BC942}") = "K", "224500\K\K.vcxproj", "{5EB87C45-5AFB-4631-A852-043C3BA675B7}"
EndProject
Project("{8BC9CEB8-8B4A-11D0-8D11-00A0C91BC942}") = "L", "224500\L\L.vcxproj", "{3BFCFE98-615A-457C-8527-BEDC74DEA958}"
EndProject
Project("{8BC9CEB8-8B4A-11D0-8D11-00A0C91BC942}") = "M", "224500\M\M.vcxproj", "{C3E2B952-9D85-4AAB-B244-8E691DC11D92}"
EndProject
Project("{8BC9CEB8-8B4A-11D0-8D11-00A0C91BC942}") = "N", "224500\N\N.vcxproj", "{E1CCDC95-D08E-4DAA-A19A-5804932CAE74}"
EndProject
Project("{8BC9CEB8-8B4A-11D0-8D11-00A0C91BC942}") = "O", "224500\O\O.vcxproj", "{54CE9357-2ADF-4F79-A3C6-048CAEE69A91}"
EndProject
Project("{8BC9CEB8-8B4A-11D0-8D11-00A0C91BC942}") = "P", "224500\P\P.vcxproj", "{23C231C0-CC7F-41EB-BC7C-E8DB0E081C02}"
EndProject
Project("{8BC9CEB8-8B4A-11D0-8D11-00A0C91BC942}") = "Q", "224500\Q\Q.vcxproj", "{EDFD98CE-9C33-41E0-AF18-3027B0E019CA}"
EndProject
Project("{8BC9CEB8-8B4A-11D0-8D11-00A0C91BC942}") = "R", "224500\R\R.vcxproj", "{275426CF-A9CD-4D71-BF24-998ED6BF26A2}"
EndProject
Project("{8BC9CEB8-8B4A-11D0-8D11-00A0C91BC942}") = "S", "224500\S\S.vcxproj", "{FCA05B1E-7FC7-4034-B6BD-65197D59A6B1}"
EndProject
Project("{8BC9CEB8-8B4A-11D0-8D11-00A0C91BC942}") = "T", "224500\T\T.vcxproj", "{D4FFC7FA-639D-48F1-BEDE-DBFB52AB1007}"
EndProject
Project("{8BC9CEB8-8B4A-11D0-8D11-00A0C91BC942}") = "U", "224500\U\U.vcxproj", "{9B296E4D-BE69-4209-B330-3E3511BBA809}"
EndProject
Project("{8BC9CEB8-8B4A-11D0-8D11-00A0C91BC942}") = "W", "224500\W\W.vcxproj", "{324B9220-97A1-41FA-ABE2-2F2228B343CD}"
EndProject
Project("{8BC9CEB8-8B4A-11D0-8D11-00A0C91BC942}") = "X", "224500\X\X.vcxproj", "{B31520C5-C4B6-42AD-A408-40E216C51987}"
EndProject
Project("{8BC9CEB8-8B4A-11D0-8D11-00A0C91BC942}") = "Y", "224500\Y\Y.vcxproj", "{B3B74B7C-789F-4321-8BFF-E00231A0E184}"
EndProject
Project("{8BC9CEB8-8B4A-11D0-8D11-00A0C91BC942}") = "Z", "224500\Z\Z.vcxproj", "{EBC28436-C4F2-418D-AF78-F1F4B3949240}"
EndProject
Project("{8BC9CEB8-8B4A-11D0-8D11-00A0C91BC942}") = "V", "224500\V\V.vcxproj", "{E81477AA-E674-4D90-9233-774276F240BD}"
EndProject
Global
	GlobalSection(SolutionConfigurationPlatforms) = preSolution
		Debug|x64 = Debug|x64
		Debug|x86 = Debug|x86
		Release|x64 = Release|x64
		Release|x86 = Release|x86
	EndGlobalSection
	GlobalSection(ProjectConfigurationPlatforms) = postSolution
		{13077503-F4BF-46A4-A49C-67E0957D4D5E}.Debug|x64.ActiveCfg = Debug|x64
		{13077503-F4BF-46A4-A49C-67E0957D4D5E}.Debug|x64.Build.0 = Debug|x64
		{13077503-F4BF-46A4-A49C-67E0957D4D5E}.Debug|x86.ActiveCfg = Debug|Win32
		{13077503-F4BF-46A4-A49C-67E0957D4D5E}.Debug|x86.Build.0 = Debug|Win32
		{13077503-F4BF-46A4-A49C-67E0957D4D5E}.Release|x64.ActiveCfg = Release|x64
		{13077503-F4BF-46A4-A49C-67E0957D4D5E}.Release|x64.Build.0 = Release|x64
		{13077503-F4BF-46A4-A49C-67E0957D4D5E}.Release|x86.ActiveCfg = Release|Win32
		{13077503-F4BF-46A4-A49C-67E0957D4D5E}.Release|x86.Build.0 = Release|Win32
		{91FA099F-8CFF-4878-8E61-7123DE1E88FC}.Debug|x64.ActiveCfg = Debug|x64
		{91FA099F-8CFF-4878-8E61-7123DE1E88FC}.Debug|x64.Build.0 = Debug|x64
		{91FA099F-8CFF-4878-8E61-7123DE1E88FC}.Debug|x86.ActiveCfg = Debug|Win32
		{91FA099F-8CFF-4878-8E61-7123DE1E88FC}.Debug|x86.Build.0 = Debug|Win32
		{91FA099F-8CFF-4878-8E61-7123DE1E88FC}.Release|x64.ActiveCfg = Release|x64
		{91FA099F-8CFF-4878-8E61-7123DE1E88FC}.Release|x64.Build.0 = Release|x64
		{91FA099F-8CFF-4878-8E61-7123DE1E88FC}.Release|x86.ActiveCfg = Release|Win32
		{91FA099F-8CFF-4878-8E61-7123DE1E88FC}.Release|x86.Build.0 = Release|Win32
		{0883D76A-84A7-482D-9DEC-EBE36E3FD717}.Debug|x64.ActiveCfg = Debug|x64
		{0883D76A-84A7-482D-9DEC-EBE36E3FD717}.Debug|x64.Build.0 = Debug|x64
		{0883D76A-84A7-482D-9DEC-EBE36E3FD717}.Debug|x86.ActiveCfg = Debug|Win32
		{0883D76A-84A7-482D-9DEC-EBE36E3FD717}.Debug|x86.Build.0 = Debug|Win32
		{0883D76A-84A7-482D-9DEC-EBE36E3FD717}.Release|x64.ActiveCfg = Release|x64
		{0883D76A-84A7-482D-9DEC-EBE36E3FD717}.Release|x64.Build.0 = Release|x64
		{0883D76A-84A7-482D-9DEC-EBE36E3FD717}.Release|x86.ActiveCfg = Release|Win32
		{0883D76A-84A7-482D-9DEC-EBE36E3FD717}.Release|x86.Build.0 = Release|Win32
		{E60D4631-C99C-431A-97EE-6B4EC5600B2E}.Debug|x64.ActiveCfg = Debug|x64
		{E60D4631-C99C-431A-97EE-6B4EC5600B2E}.Debug|x64.Build.0 = Debug|x64
		{E60D4631-C99C-431A-97EE-6B4EC5600B2E}.Debug|x86.ActiveCfg = Debug|Win32
		{E60D4631-C99C-431A-97EE-6B4EC5600B2E}.Debug|x86.Build.0 = Debug|Win32
		{E60D4631-C99C-431A-97EE-6B4EC5600B2E}.Release|x64.ActiveCfg = Release|x64
		{E60D4631-C99C-431A-97EE-6B4EC5600B2E}.Release|x64.Build.0 = Release|x64
		{E60D4631-C99C-431A-97EE-6B4EC5600B2E}.Release|x86.ActiveCfg = Release|Win32
		{E60D4631-C99C-431A-97EE-6B4EC5600B2E}.Release|x86.Build.0 = Release|Win32
		{ABEBA2D9-C943-42EB-A6B6-5421CDD4F501}.Debug|x64.ActiveCfg = Debug|x64
		{ABEBA2D9-C943-42EB-A6B6-5421CDD4F501}.Debug|x64.Build.0 = Debug|x64
		{ABEBA2D9-C943-42EB-A6B6-5421CDD4F501}.Debug|x86.ActiveCfg = Debug|Win32
		{ABEBA2D9-C943-42EB-A6B6-5421CDD4F501}.Debug|x86.Build.0 = Debug|Win32
		{ABEBA2D9-C943-42EB-A6B6-5421CDD4F501}.Release|x64.ActiveCfg = Release|x64
		{ABEBA2D9-C943-42EB-A6B6-5421CDD4F501}.Release|x64.Build.0 = Release|x64
		{ABEBA2D9-C943-42EB-A6B6-5421CDD4F501}.Release|x86.ActiveCfg = Release|Win32
		{ABEBA2D9-C943-42EB-A6B6-5421CDD4F501}.Release|x86.Build.0 = Release|Win32
		{3F0BCCC9-84F7-4D34-8C8C-7E7D7A23486B}.Debug|x64.ActiveCfg = Debug|x64
		{3F0BCCC9-84F7-4D34-8C8C-7E7D7A23486B}.Debug|x64.Build.0 = Debug|x64
		{3F0BCCC9-84F7-4D34-8C8C-7E7D7A23486B}.Debug|x86.ActiveCfg = Debug|Win32
		{3F0BCCC9-84F7-4D34-8C8C-7E7D7A23486B}.Debug|x86.Build.0 = Debug|Win32
		{3F0BCCC9-84F7-4D34-8C8C-7E7D7A23486B}.Release|x64.ActiveCfg = Release|x64
		{3F0BCCC9-84F7-4D34-8C8C-7E7D7A23486B}.Release|x64.Build.0 = Release|x64
		{3F0BCCC9-84F7-4D34-8C8C-7E7D7A23486B}.Release|x86.ActiveCfg = Release|Win32
		{3F0BCCC9-84F7-4D34-8C8C-7E7D7A23486B}.Release|x86.Build.0 = Release|Win32
		{BD3A10BD-2411-4634-A9B7-6EEE5DD9C3D8}.Debug|x64.ActiveCfg = Debug|x64
		{BD3A10BD-2411-4634-A9B7-6EEE5DD9C3D8}.Debug|x64.Build.0 = Debug|x64
		{BD3A10BD-2411-4634-A9B7-6EEE5DD9C3D8}.Debug|x86.ActiveCfg = Debug|Win32
		{BD3A10BD-2411-4634-A9B7-6EEE5DD9C3D8}.Debug|x86.Build.0 = Debug|Win32
		{BD3A10BD-2411-4634-A9B7-6EEE5DD9C3D8}.Release|x64.ActiveCfg = Release|x64
		{BD3A10BD-2411-4634-A9B7-6EEE5DD9C3D8}.Release|x64.Build.0 = Release|x64
		{BD3A10BD-2411-4634-A9B7-6EEE5DD9C3D8}.Release|x86.ActiveCfg = Release|Win32
		{BD3A10BD-2411-4634-A9B7-6EEE5DD9C3D8}.Release|x86.Build.0 = Release|Win32
		{BA0802B7-700F-4C6A-8EF6-14477BB3132E}.Debug|x64.ActiveCfg = Debug|x64
		{BA0802B7-700F-4C6A-8EF6-14477BB3132E}.Debug|x64.Build.0 = Debug|x64
		{BA0802B7-700F-4C6A-8EF6-14477BB3132E}.Debug|x86.ActiveCfg = Debug|Win32
		{BA0802B7-700F-4C6A-8EF6-14477BB3132E}.Debug|x86.Build.0 = Debug|Win32
		{BA0802B7-700F-4C6A-8EF6-14477BB3132E}.Release|x64.ActiveCfg = Release|x64
		{BA0802B7-700F-4C6A-8EF6-14477BB3132E}.Release|x64.Build.0 = Release|x64
		{BA0802B7-700F-4C6A-8EF6-14477BB3132E}.Release|x86.ActiveCfg = Release|Win32
		{BA0802B7-700F-4C6A-8EF6-14477BB3132E}.Release|x86.Build.0 = Release|Win32
		{EBC07C4E-7FA3-4714-A814-A1C66ABDD1A9}.Debug|x64.ActiveCfg = Debug|x64
		{EBC07C4E-7FA3-4714-A814-A1C66ABDD1A9}.Debug|x64.Build.0 = Debug|x64
		{EBC07C4E-7FA3-4714-A814-A1C66ABDD1A9}.Debug|x86.ActiveCfg = Debug|Win32
		{EBC07C4E-7FA3-4714-A814-A1C66ABDD1A9}.Debug|x86.Build.0 = Debug|Win32
		{EBC07C4E-7FA3-4714-A814-A1C66ABDD1A9}.Release|x64.ActiveCfg = Release|x64
		{EBC07C4E-7FA3-4714-A814-A1C66ABDD1A9}.Release|x64.Build.0 = Release|x64
		{EBC07C4E-7FA3-4714-A814-A1C66ABDD1A9}.Release|x86.ActiveCfg = Release|Win32
		{EBC07C4E-7FA3-4714-A814-A1C66ABDD1A9}.Release|x86.Build.0 = Release|Win32
		{9C60B29C-F234-4526-A9B3-132B857C3EB1}.Debug|x64.ActiveCfg = Debug|x64
		{9C60B29C-F234-4526-A9B3-132B857C3EB1}.Debug|x64.Build.0 = Debug|x64
		{9C60B29C-F234-4526-A9B3-132B857C3EB1}.Debug|x86.ActiveCfg = Debug|Win32
		{9C60B29C-F234-4526-A9B3-132B857C3EB1}.Debug|x86.Build.0 = Debug|Win32
		{9C60B29C-F234-4526-A9B3-132B857C3EB1}.Release|x64.ActiveCfg = Release|x64
		{9C60B29C-F234-4526-A9B3-132B857C3EB1}.Release|x64.Build.0 = Release|x64
		{9C60B29C-F234-4526-A9B3-132B857C3EB1}.Release|x86.ActiveCfg = Release|Win32
		{9C60B29C-F234-4526-A9B3-132B857C3EB1}.Release|x86.Build.0 = Release|Win32
		{5EB87C45-5AFB-4631-A852-043C3BA675B7}.Debug|x64.ActiveCfg = Debug|x64
		{5EB87C45-5AFB-4631-A852-043C3BA675B7}.Debug|x64.Build.0 = Debug|x64
		{5EB87C45-5AFB-4631-A852-043C3BA675B7}.Debug|x86.ActiveCfg = Debug|Win32
		{5EB87C45-5AFB-4631-A852-043C3BA675B7}.Debug|x86.Build.0 = Debug|Win32
		{5EB87C45-5AFB-4631-A852-043C3BA675B7}.Release|x64.ActiveCfg = Release|x64
		{5EB87C45-5AFB-4631-A852-043C3BA675B7}.Release|x64.Build.0 = Release|x64
		{5EB87C45-5AFB-4631-A852-043C3BA675B7}.Release|x86.ActiveCfg = Release|Win32
		{5EB87C45-5AFB-4631-A852-043C3BA675B7}.Release|x86.Build.0 = Release|Win32
		{3BFCFE98-615A-457C-8527-BEDC74DEA958}.Debug|x64.ActiveCfg = Debug|x64
		{3BFCFE98-615A-457C-8527-BEDC74DEA958}.Debug|x64.Build.0 = Debug|x64
		{3BFCFE98-615A-457C-8527-BEDC74DEA958}.Debug|x86.ActiveCfg = Debug|Win32
		{3BFCFE98-615A-457C-8527-BEDC74DEA958}.Debug|x86.Build.0 = Debug|Win32
		{3BFCFE98-615A-457C-8527-BEDC74DEA958}.Release|x64.ActiveCfg = Release|x64
		{3BFCFE98-615A-457C-8527-BEDC74DEA958}.Release|x64.Build.0 = Release|x64
		{3BFCFE98-615A-457C-8527-BEDC74DEA958}.Release|x86.ActiveCfg = Release|Win32
		{3BFCFE98-615A-457C-8527-BEDC74DEA958}.Release|x86.Build.0 = Release|Win32
		{C3E2B952-9D85-4AAB-B244-8E691DC11D92}.Debug|x64.ActiveCfg = Debug|x64
		{C3E2B952-9D85-4AAB-B244-8E691DC11D92}.Debug|x64.Build.0 = Debug|x64
		{C3E2B952-9D85-4AAB-B244-8E691DC11D92}.Debug|x86.ActiveCfg = Debug|Win32
		{C3E2B952-9D85-4AAB-B244-8E691DC11D92}.Debug|x86.Build.0 = Debug|Win32
		{C3E2B952-9D85-4AAB-B244-8E691DC11D92}.Release|x64.ActiveCfg = Release|x64
		{C3E2B952-9D85-4AAB-B244-8E691DC11D92}.Release|x64.Build.0 = Release|x64
		{C3E2B952-9D85-4AAB-B244-8E691DC11D92}.Release|x86.ActiveCfg = Release|Win32
		{C3E2B952-9D85-4AAB-B244-8E691DC11D92}.Release|x86.Build.0 = Release|Win32
		{E1CCDC95-D08E-4DAA-A19A-5804932CAE74}.Debug|x64.ActiveCfg = Debug|x64
		{E1CCDC95-D08E-4DAA-A19A-5804932CAE74}.Debug|x64.Build.0 = Debug|x64
		{E1CCDC95-D08E-4DAA-A19A-5804932CAE74}.Debug|x86.ActiveCfg = Debug|Win32
		{E1CCDC95-D08E-4DAA-A19A-5804932CAE74}.Debug|x86.Build.0 = Debug|Win32
		{E1CCDC95-D08E-4DAA-A19A-5804932CAE74}.Release|x64.ActiveCfg = Release|x64
		{E1CCDC95-D08E-4DAA-A19A-5804932CAE74}.Release|x64.Build.0 = Release|x64
		{E1CCDC95-D08E-4DAA-A19A-5804932CAE74}.Release|x86.ActiveCfg = Release|Win32
		{E1CCDC95-D08E-4DAA-A19A-5804932CAE74}.Release|x86.Build.0 = Release|Win32
		{54CE9357-2ADF-4F79-A3C6-048CAEE69A91}.Debug|x64.ActiveCfg = Debug|x64
		{54CE9357-2ADF-4F79-A3C6-048CAEE69A91}.Debug|x64.Build.0 = Debug|x64
		{54CE9357-2ADF-4F79-A3C6-048CAEE69A91}.Debug|x86.ActiveCfg = Debug|Win32
		{54CE9357-2ADF-4F79-A3C6-048CAEE69A91}.Debug|x86.Build.0 = Debug|Win32
		{54CE9357-2ADF-4F79-A3C6-048CAEE69A91}.Release|x64.ActiveCfg = Release|x64
		{54CE9357-2ADF-4F79-A3C6-048CAEE69A91}.Release|x64.Build.0 = Release|x64
		{54CE9357-2ADF-4F79-A3C6-048CAEE69A91}.Release|x86.ActiveCfg = Release|Win32
		{54CE9357-2ADF-4F79-A3C6-048CAEE69A91}.Release|x86.Build.0 = Release|Win32
		{23C231C0-CC7F-41EB-BC7C-E8DB0E081C02}.Debug|x64.ActiveCfg = Debug|x64
		{23C231C0-CC7F-41EB-BC7C-E8DB0E081C02}.Debug|x64.Build.0 = Debug|x64
		{23C231C0-CC7F-41EB-BC7C-E8DB0E081C02}.Debug|x86.ActiveCfg = Debug|Win32
		{23C231C0-CC7F-41EB-BC7C-E8DB0E081C02}.Debug|x86.Build.0 = Debug|Win32
		{23C231C0-CC7F-41EB-BC7C-E8DB0E081C02}.Release|x64.ActiveCfg = Release|x64
		{23C231C0-CC7F-41EB-BC7C-E8DB0E081C02}.Release|x64.Build.0 = Release|x64
		{23C231C0-CC7F-41EB-BC7C-E8DB0E081C02}.Release|x86.ActiveCfg = Release|Win32
		{23C231C0-CC7F-41EB-BC7C-E8DB0E081C02}.Release|x86.Build.0 = Release|Win32
		{EDFD98CE-9C33-41E0-AF18-3027B0E019CA}.Debug|x64.ActiveCfg = Debug|x64
		{EDFD98CE-9C33-41E0-AF18-3027B0E019CA}.Debug|x64.Build.0 = Debug|x64
		{EDFD98CE-9C33-41E0-AF18-3027B0E019CA}.Debug|x86.ActiveCfg = Debug|Win32
		{EDFD98CE-9C33-41E0-AF18-3027B0E019CA}.Debug|x86.Build.0 = Debug|Win32
		{EDFD98CE-9C33-41E0-AF18-3027B0E019CA}.Release|x64.ActiveCfg = Release|x64
		{EDFD98CE-9C33-41E0-AF18-3027B0E019CA}.Release|x64.Build.0 = Release|x64
		{EDFD98CE-9C33-41E0-AF18-3027B0E019CA}.Release|x86.ActiveCfg = Release|Win32
		{EDFD98CE-9C33-41E0-AF18-3027B0E019CA}.Release|x86.Build.0 = Release|Win32
		{275426CF-A9CD-4D71-BF24-998ED6BF26A2}.Debug|x64.ActiveCfg = Debug|x64
		{275426CF-A9CD-4D71-BF24-998ED6BF26A2}.Debug|x64.Build.0 = Debug|x64
		{275426CF-A9CD-4D71-BF24-998ED6BF26A2}.Debug|x86.ActiveCfg = Debug|Win32
		{275426CF-A9CD-4D71-BF24-998ED6BF26A2}.Debug|x86.Build.0 = Debug|Win32
		{275426CF-A9CD-4D71-BF24-998ED6BF26A2}.Release|x64.ActiveCfg = Release|x64
		{275426CF-A9CD-4D71-BF24-998ED6BF26A2}.Release|x64.Build.0 = Release|x64
		{275426CF-A9CD-4D71-BF24-998ED6BF26A2}.Release|x86.ActiveCfg = Release|Win32
		{275426CF-A9CD-4D71-BF24-998ED6BF26A2}.Release|x86.Build.0 = Release|Win32
		{FCA05B1E-7FC7-4034-B6BD-65197D59A6B1}.Debug|x64.ActiveCfg = Debug|x64
		{FCA05B1E-7FC7-4034-B6BD-65197D59A6B1}.Debug|x64.Build.0 = Debug|x64
		{FCA05B1E-7FC7-4034-B6BD-65197D59A6B1}.Debug|x86.ActiveCfg = Debug|Win32
		{FCA05B1E-7FC7-4034-B6BD-65197D59A6B1}.Debug|x86.Build.0 = Debug|Win32
		{FCA05B1E-7FC7-4034-B6BD-65197D59A6B1}.Release|x64.ActiveCfg = Release|x64
		{FCA05B1E-7FC7-4034-B6BD-65197D59A6B1}.Release|x64.Build.0 = Release|x64
		{FCA05B1E-7FC7-4034-B6BD-65197D59A6B1}.Release|x86.ActiveCfg = Release|Win32
		{FCA05B1E-7FC7-4034-B6BD-65197D59A6B1}.Release|x86.Build.0 = Release|Win32
		{D4FFC7FA-639D-48F1-BEDE-DBFB52AB1007}.Debug|x64.ActiveCfg = Debug|x64
		{D4FFC7FA-639D-48F1-BEDE-DBFB52AB1007}.Debug|x64.Build.0 = Debug|x64
		{D4FFC7FA-639D-48F1-BEDE-DBFB52AB1007}.Debug|x86.ActiveCfg = Debug|Win32
		{D4FFC7FA-639D-48F1-BEDE-DBFB52AB1007}.Debug|x86.Build.0 = Debug|Win32
		{D4FFC7FA-639D-48F1-BEDE-DBFB52AB1007}.Release|x64.ActiveCfg = Release|x64
		{D4FFC7FA-639D-48F1-BEDE-DBFB52AB1007}.Release|x64.Build.0 = Release|x64
		{D4FFC7FA-639D-48F1-BEDE-DBFB52AB1007}.Release|x86.ActiveCfg = Release|Win32
		{D4FFC7FA-639D-48F1-BEDE-DBFB52AB1007}.Release|x86.Build.0 = Release|Win32
		{9B296E4D-BE69-4209-B330-3E3511BBA809}.Debug|x64.ActiveCfg = Debug|x64
		{9B296E4D-BE69-4209-B330-3E3511BBA809}.Debug|x64.Build.0 = Debug|x64
		{9B296E4D-BE69-4209-B330-3E3511BBA809}.Debug|x86.ActiveCfg = Debug|Win32
		{9B296E4D-BE69-4209-B330-3E3511BBA809}.Debug|x86.Build.0 = Debug|Win32
		{9B296E4D-BE69-4209-B330-3E3511BBA809}.Release|x64.ActiveCfg = Release|x64
		{9B296E4D-BE69-4209-B330-3E3511BBA809}.Release|x64.Build.0 = Release|x64
		{9B296E4D-BE69-4209-B330-3E3511BBA809}.Release|x86.ActiveCfg = Release|Win32
		{9B296E4D-BE69-4209-B330-3E3511BBA809}.Release|x86.Build.0 = Release|Win32
		{324B9220-97A1-41FA-ABE2-2F2228B343CD}.Debug|x64.ActiveCfg = Debug|x64
		{324B9220-97A1-41FA-ABE2-2F2228B343CD}.Debug|x64.Build.0 = Debug|x64
		{324B9220-97A1-41FA-ABE2-2F2228B343CD}.Debug|x86.ActiveCfg = Debug|Win32
		{324B9220-97A1-41FA-ABE2-2F2228B343CD}.Debug|x86.Build.0 = Debug|Win32
		{324B9220-97A1-41FA-ABE2-2F2228B343CD}.Release|x64.ActiveCfg = Release|x64
		{324B9220-97A1-41FA-ABE2-2F2228B343CD}.Release|x64.Build.0 = Release|x64
		{324B9220-97A1-41FA-ABE2-2F2228B343CD}.Release|x86.ActiveCfg = Release|Win32
		{324B9220-97A1-41FA-ABE2-2F2228B343CD}.Release|x86.Build.0 = Release|Win32
		{B31520C5-C4B6-42AD-A408-40E216C51987}.Debug|x64.ActiveCfg = Debug|x64
		{B31520C5-C4B6-42AD-A408-40E216C51987}.Debug|x64.Build.0 = Debug|x64
		{B31520C5-C4B6-42AD-A408-40E216C51987}.Debug|x86.ActiveCfg = Debug|Win32
		{B31520C5-C4B6-42AD-A408-40E216C51987}.Debug|x86.Build.0 = Debug|Win32
		{B31520C5-C4B6-42AD-A408-40E216C51987}.Release|x64.ActiveCfg = Release|x64
		{B31520C5-C4B6-42AD-A408-40E216C51987}.Release|x64.Build.0 = Release|x64
		{B31520C5-C4B6-42AD-A408-40E216C51987}.Release|x86.ActiveCfg = Release|Win32
		{B31520C5-C4B6-42AD-A408-40E216C51987}.Release|x86.Build.0 = Release|Win32
		{B3B74B7C-789F-4321-8BFF-E00231A0E184}.Debug|x64.ActiveCfg = Debug|x64
		{B3B74B7C-789F-4321-8BFF-E00231A0E184}.Debug|x64.Build.0 = Debug|x64
		{B3B74B7C-789F-4321-8BFF-E00231A0E184}.Debug|x86.ActiveCfg = Debug|Win32
		{B3B74B7C-789F-4321-8BFF-E00231A0E184}.Debug|x86.Build.0 = Debug|Win32
		{B3B74B7C-789F-4321-8BFF-E00231A0E184}.Release|x64.ActiveCfg = Release|x64
		{B3B74B7C-789F-4321-8BFF-E00231A0E184}.Release|x64.Build.0 = Release|x64
		{B3B74B7C-789F-4321-8BFF-E00231A0E184}.Release|x86.ActiveCfg = Release|Win32
		{B3B74B7C-789F-4321-8BFF-E00231A0E184}.Release|x86.Build.0 = Release|Win32
		{EBC28436-C4F2-418D-AF78-F1F4B3949240}.Debug|x64.ActiveCfg = Debug|x64
		{EBC28436-C4F2-418D-AF78-F1F4B3949240}.Debug|x64.Build.0 = Debug|x64
		{EBC28436-C4F2-418D-AF78-F1F4B3949240}.Debug|x86.ActiveCfg = Debug|Win32
		{EBC28436-C4F2-418D-AF78-F1F4B3949240}.Debug|x86.Build.0 = Debug|Win32
		{EBC28436-C4F2-418D-AF78-F1F4B3949240}.Release|x64.ActiveCfg = Release|x64
		{EBC28436-C4F2-418D-AF78-F1F4B3949240}.Release|x64.Build.0 = Release|x64
		{EBC28436-C4F2-418D-AF78-F1F4B3949240}.Release|x86.ActiveCfg = Release|Win32
		{EBC28436-C4F2-418D-AF78-F1F4B3949240}.Release|x86.Build.0 = Release|Win32
		{E81477AA-E674-4D90-9233-774276F240BD}.Debug|x64.ActiveCfg = Debug|x64
		{E81477AA-E674-4D90-9233-774276F240BD}.Debug|x64.Build.0 = Debug|x64
		{E81477AA-E674-4D90-9233-774276F240BD}.Debug|x86.ActiveCfg = Debug|Win32
		{E81477AA-E674-4D90-9233-774276F240BD}.Debug|x86.Build.0 = Debug|Win32
		{E81477AA-E674-4D90-9233-774276F240BD}.Release|x64.ActiveCfg = Release|x64
		{E81477AA-E674-4D90-9233-774276F240BD}.Release|x64.Build.0 = Release|x64
		{E81477AA-E674-4D90-9233-774276F240BD}.Release|x86.ActiveCfg = Release|Win32
		{E81477AA-E674-4D90-9233-774276F240BD}.Release|x86.Build.0 = Release|Win32
	EndGlobalSection
	GlobalSection(SolutionProperties) = preSolution
		HideSolutionNode = FALSE
	EndGlobalSection
	GlobalSection(ExtensibilityGlobals) = postSolution
		SolutionGuid = {D8F0602F-928C-4CE6-9664-34E5AD57555D}
	EndGlobalSection
EndGlobal
