
Microsoft Visual Studio Solution File, Format Version 12.00
# Visual Studio 15
VisualStudioVersion = 15.0.27004.2005
MinimumVisualStudioVersion = 10.0.40219.1
Project("{8BC9CEB8-8B4A-11D0-8D11-00A0C91BC942}") = "A", "224500\A\A.vcxproj", "{13077503-F4BF-46A4-A49C-67E0957D4D5E}"
EndProject
Project("{8BC9CEB8-8B4A-11D0-8D11-00A0C91BC942}") = "B", "224500\B\B.vcxproj", "{91FA099F-8CFF-4878-8E61-7123DE1E88FC}"
EndProject
Project("{8BC9CEB8-8B4A-11D0-8D11-00A0C91BC942}") = "C", "224500\C\C.vcxproj", "{0883D76A-84A7-482D-9DEC-EBE36E3FD717}"
EndProject
Project("{8BC9CEB8-8B4A-11D0-8D11-00A0C91BC942}") = "D", "224500\D\D.vcxproj", "{E60D4631-C99C-431A-97EE-6B4EC5600B2E}"
EndProject
Project("{8BC9CEB8-8B4A-11D0-8D11-00A0C91BC942}") = "E", "224500\E\E.vcxproj", "{ABEBA2D9-C943-42EB-A6B6-5421CDD4F501}"
EndProject
Project("{8BC9CEB8-8B4A-11D0-8D11-00A0C91BC942}") = "F", "224500\F\F.vcxproj", "{3F0BCCC9-84F7-4D34-8C8C-7E7D7A23486B}"
EndProject
Project("{8BC9CEB8-8B4A-11D0-8D11-00A0C91BC942}") = "G", "224500\G\G.vcxproj", "{BD3A10BD-2411-4634-A9B7-6EEE5DD9C3D8}"
EndProject
Project("{8BC9CEB8-8B4A-11D0-8D11-00A0C91BC942}") = "H", "224500\H\H.vcxproj", "{BA0802B7-700F-4C6A-8EF6-14477BB3132E}"
EndProject
Project("{8BC9CEB8-8B4A-11D0-8D11-00A0C91BC942}") = "I", "224500\I\I.vcxproj", "{EBC07C4E-7FA3-4714-A814-A1C66ABDD1A9}"
EndProject
Project("{8BC9CEB8-8B4A-11D0-8D11-00A0C91BC942}") = "J", "224500\J\J.vcxproj", "{9C60B29C-F234-4526-A9B3-132B857C3EB1}"
EndProject
Project("{8BC9CEB8-8B4A-11D0-8D11-00A0C91BC942}") = "K", "224500\K\K.vcxproj", "{5EB87C45-5AFB-4631-A852-043C3BA675B7}"
EndProject
Project("{8BC9CEB8-8B4A-11D0-8D11-00A0C91BC942}") = "L", "224500\L\L.vcxproj", "{3BFCFE98-615A-457C-8527-BEDC74DEA958}"
EndProject
Project("{8BC9CEB8-8B4A-11D0-8D11-00A0C91BC942}") = "M", "224500\M\M.vcxproj", "{C3E2B952-9D85-4AAB-B244-8E691DC11D92}"
EndProject
Project("{8BC9CEB8-8B4A-11D0-8D11-00A0C91BC942}") = "N", "224500\N\N.vcxproj", "{E1CCDC95-D08E-4DAA-A19A-5804932CAE74}"
EndProject
Global
	GlobalSection(SolutionConfigurationPlatforms) = preSolution
		Debug|x64 = Debug|x64
		Debug|x86 = Debug|x86
		Release|x64 = Release|x64
		Release|x86 = Release|x86
	EndGlobalSection
	GlobalSection(ProjectConfigurationPlatforms) = postSolution
		{13077503-F4BF-46A4-A49C-67E0957D4D5E}.Debug|x64.ActiveCfg = Debug|x64
		{13077503-F4BF-46A4-A49C-67E0957D4D5E}.Debug|x64.Build.0 = Debug|x64
		{13077503-F4BF-46A4-A49C-67E0957D4D5E}.Debug|x86.ActiveCfg = Debug|Win32
		{13077503-F4BF-46A4-A49C-67E0957D4D5E}.Debug|x86.Build.0 = Debug|Win32
		{13077503-F4BF-46A4-A49C-67E0957D4D5E}.Release|x64.ActiveCfg = Release|x64
		{13077503-F4BF-46A4-A49C-67E0957D4D5E}.Release|x64.Build.0 = Release|x64
		{13077503-F4BF-46A4-A49C-67E0957D4D5E}.Release|x86.ActiveCfg = Release|Win32
		{13077503-F4BF-46A4-A49C-67E0957D4D5E}.Release|x86.Build.0 = Release|Win32
		{91FA099F-8CFF-4878-8E61-7123DE1E88FC}.Debug|x64.ActiveCfg = Debug|x64
		{91FA099F-8CFF-4878-8E61-7123DE1E88FC}.Debug|x64.Build.0 = Debug|x64
		{91FA099F-8CFF-4878-8E61-7123DE1E88FC}.Debug|x86.ActiveCfg = Debug|Win32
		{91FA099F-8CFF-4878-8E61-7123DE1E88FC}.Debug|x86.Build.0 = Debug|Win32
		{91FA099F-8CFF-4878-8E61-7123DE1E88FC}.Release|x64.ActiveCfg = Release|x64
		{91FA099F-8CFF-4878-8E61-7123DE1E88FC}.Release|x64.Build.0 = Release|x64
		{91FA099F-8CFF-4878-8E61-7123DE1E88FC}.Release|x86.ActiveCfg = Release|Win32
		{91FA099F-8CFF-4878-8E61-7123DE1E88FC}.Release|x86.Build.0 = Release|Win32
		{0883D76A-84A7-482D-9DEC-EBE36E3FD717}.Debug|x64.ActiveCfg = Debug|x64
		{0883D76A-84A7-482D-9DEC-EBE36E3FD717}.Debug|x64.Build.0 = Debug|x64
		{0883D76A-84A7-482D-9DEC-EBE36E3FD717}.Debug|x86.ActiveCfg = Debug|Win32
		{0883D76A-84A7-482D-9DEC-EBE36E3FD717}.Debug|x86.Build.0 = Debug|Win32
		{0883D76A-84A7-482D-9DEC-EBE36E3FD717}.Release|x64.ActiveCfg = Release|x64
		{0883D76A-84A7-482D-9DEC-EBE36E3FD717}.Release|x64.Build.0 = Release|x64
		{0883D76A-84A7-482D-9DEC-EBE36E3FD717}.Release|x86.ActiveCfg = Release|Win32
		{0883D76A-84A7-482D-9DEC-EBE36E3FD717}.Release|x86.Build.0 = Release|Win32
		{E60D4631-C99C-431A-97EE-6B4EC5600B2E}.Debug|x64.ActiveCfg = Debug|x64
		{E60D4631-C99C-431A-97EE-6B4EC5600B2E}.Debug|x64.Build.0 = Debug|x64
		{E60D4631-C99C-431A-97EE-6B4EC5600B2E}.Debug|x86.ActiveCfg = Debug|Win32
		{E60D4631-C99C-431A-97EE-6B4EC5600B2E}.Debug|x86.Build.0 = Debug|Win32
		{E60D4631-C99C-431A-97EE-6B4EC5600B2E}.Release|x64.ActiveCfg = Release|x64
		{E60D4631-C99C-431A-97EE-6B4EC5600B2E}.Release|x64.Build.0 = Release|x64
		{E60D4631-C99C-431A-97EE-6B4EC5600B2E}.Release|x86.ActiveCfg = Release|Win32
		{E60D4631-C99C-431A-97EE-6B4EC5600B2E}.Release|x86.Build.0 = Release|Win32
		{ABEBA2D9-C943-42EB-A6B6-5421CDD4F501}.Debug|x64.ActiveCfg = Debug|x64
		{ABEBA2D9-C943-42EB-A6B6-5421CDD4F501}.Debug|x64.Build.0 = Debug|x64
		{ABEBA2D9-C943-42EB-A6B6-5421CDD4F501}.Debug|x86.ActiveCfg = Debug|Win32
		{ABEBA2D9-C943-42EB-A6B6-5421CDD4F501}.Debug|x86.Build.0 = Debug|Win32
		{ABEBA2D9-C943-42EB-A6B6-5421CDD4F501}.Release|x64.ActiveCfg = Release|x64
		{ABEBA2D9-C943-42EB-A6B6-5421CDD4F501}.Release|x64.Build.0 = Release|x64
		{ABEBA2D9-C943-42EB-A6B6-5421CDD4F501}.Release|x86.ActiveCfg = Release|Win32
		{ABEBA2D9-C943-42EB-A6B6-5421CDD4F501}.Release|x86.Build.0 = Release|Win32
		{3F0BCCC9-84F7-4D34-8C8C-7E7D7A23486B}.Debug|x64.ActiveCfg = Debug|x64
		{3F0BCCC9-84F7-4D34-8C8C-7E7D7A23486B}.Debug|x64.Build.0 = Debug|x64
		{3F0BCCC9-84F7-4D34-8C8C-7E7D7A23486B}.Debug|x86.ActiveCfg = Debug|Win32
		{3F0BCCC9-84F7-4D34-8C8C-7E7D7A23486B}.Debug|x86.Build.0 = Debug|Win32
		{3F0BCCC9-84F7-4D34-8C8C-7E7D7A23486B}.Release|x64.ActiveCfg = Release|x64
		{3F0BCCC9-84F7-4D34-8C8C-7E7D7A23486B}.Release|x64.Build.0 = Release|x64
		{3F0BCCC9-84F7-4D34-8C8C-7E7D7A23486B}.Release|x86.ActiveCfg = Release|Win32
		{3F0BCCC9-84F7-4D34-8C8C-7E7D7A23486B}.Release|x86.Build.0 = Release|Win32
		{BD3A10BD-2411-4634-A9B7-6EEE5DD9C3D8}.Debug|x64.ActiveCfg = Debug|x64
		{BD3A10BD-2411-4634-A9B7-6EEE5DD9C3D8}.Debug|x64.Build.0 = Debug|x64
		{BD3A10BD-2411-4634-A9B7-6EEE5DD9C3D8}.Debug|x86.ActiveCfg = Debug|Win32
		{BD3A10BD-2411-4634-A9B7-6EEE5DD9C3D8}.Debug|x86.Build.0 = Debug|Win32
		{BD3A10BD-2411-4634-A9B7-6EEE5DD9C3D8}.Release|x64.ActiveCfg = Release|x64
		{BD3A10BD-2411-4634-A9B7-6EEE5DD9C3D8}.Release|x64.Build.0 = Release|x64
		{BD3A10BD-2411-4634-A9B7-6EEE5DD9C3D8}.Release|x86.ActiveCfg = Release|Win32
		{BD3A10BD-2411-4634-A9B7-6EEE5DD9C3D8}.Release|x86.Build.0 = Release|Win32
		{BA0802B7-700F-4C6A-8EF6-14477BB3132E}.Debug|x64.ActiveCfg = Debug|x64
		{BA0802B7-700F-4C6A-8EF6-14477BB3132E}.Debug|x64.Build.0 = Debug|x64
		{BA0802B7-700F-4C6A-8EF6-14477BB3132E}.Debug|x86.ActiveCfg = Debug|Win32
		{BA0802B7-700F-4C6A-8EF6-14477BB3132E}.Debug|x86.Build.0 = Debug|Win32
		{BA0802B7-700F-4C6A-8EF6-14477BB3132E}.Release|x64.ActiveCfg = Release|x64
		{BA0802B7-700F-4C6A-8EF6-14477BB3132E}.Release|x64.Build.0 = Release|x64
		{BA0802B7-700F-4C6A-8EF6-14477BB3132E}.Release|x86.ActiveCfg = Release|Win32
		{BA0802B7-700F-4C6A-8EF6-14477BB3132E}.Release|x86.Build.0 = Release|Win32
		{EBC07C4E-7FA3-4714-A814-A1C66ABDD1A9}.Debug|x64.ActiveCfg = Debug|x64
		{EBC07C4E-7FA3-4714-A814-A1C66ABDD1A9}.Debug|x64.Build.0 = Debug|x64
		{EBC07C4E-7FA3-4714-A814-A1C66ABDD1A9}.Debug|x86.ActiveCfg = Debug|Win32
		{EBC07C4E-7FA3-4714-A814-A1C66ABDD1A9}.Debug|x86.Build.0 = Debug|Win32
		{EBC07C4E-7FA3-4714-A814-A1C66ABDD1A9}.Release|x64.ActiveCfg = Release|x64
		{EBC07C4E-7FA3-4714-A814-A1C66ABDD1A9}.Release|x64.Build.0 = Release|x64
		{EBC07C4E-7FA3-4714-A814-A1C66ABDD1A9}.Release|x86.ActiveCfg = Release|Win32
		{EBC07C4E-7FA3-4714-A814-A1C66ABDD1A9}.Release|x86.Build.0 = Release|Win32
		{9C60B29C-F234-4526-A9B3-132B857C3EB1}.Debug|x64.ActiveCfg = Debug|x64
		{9C60B29C-F234-4526-A9B3-132B857C3EB1}.Debug|x64.Build.0 = Debug|x64
		{9C60B29C-F234-4526-A9B3-132B857C3EB1}.Debug|x86.ActiveCfg = Debug|Win32
		{9C60B29C-F234-4526-A9B3-132B857C3EB1}.Debug|x86.Build.0 = Debug|Win32
		{9C60B29C-F234-4526-A9B3-132B857C3EB1}.Release|x64.ActiveCfg = Release|x64
		{9C60B29C-F234-4526-A9B3-132B857C3EB1}.Release|x64.Build.0 = Release|x64
		{9C60B29C-F234-4526-A9B3-132B857C3EB1}.Release|x86.ActiveCfg = Release|Win32
		{9C60B29C-F234-4526-A9B3-132B857C3EB1}.Release|x86.Build.0 = Release|Win32
		{5EB87C45-5AFB-4631-A852-043C3BA675B7}.Debug|x64.ActiveCfg = Debug|x64
		{5EB87C45-5AFB-4631-A852-043C3BA675B7}.Debug|x64.Build.0 = Debug|x64
		{5EB87C45-5AFB-4631-A852-043C3BA675B7}.Debug|x86.ActiveCfg = Debug|Win32
		{5EB87C45-5AFB-4631-A852-043C3BA675B7}.Debug|x86.Build.0 = Debug|Win32
		{5EB87C45-5AFB-4631-A852-043C3BA675B7}.Release|x64.ActiveCfg = Release|x64
		{5EB87C45-5AFB-4631-A852-043C3BA675B7}.Release|x64.Build.0 = Release|x64
		{5EB87C45-5AFB-4631-A852-043C3BA675B7}.Release|x86.ActiveCfg = Release|Win32
		{5EB87C45-5AFB-4631-A852-043C3BA675B7}.Release|x86.Build.0 = Release|Win32
		{3BFCFE98-615A-457C-8527-BEDC74DEA958}.Debug|x64.ActiveCfg = Debug|x64
		{3BFCFE98-615A-457C-8527-BEDC74DEA958}.Debug|x64.Build.0 = Debug|x64
		{3BFCFE98-615A-457C-8527-BEDC74DEA958}.Debug|x86.ActiveCfg = Debug|Win32
		{3BFCFE98-615A-457C-8527-BEDC74DEA958}.Debug|x86.Build.0 = Debug|Win32
		{3BFCFE98-615A-457C-8527-BEDC74DEA958}.Release|x64.ActiveCfg = Release|x64
		{3BFCFE98-615A-457C-8527-BEDC74DEA958}.Release|x64.Build.0 = Release|x64
		{3BFCFE98-615A-457C-8527-BEDC74DEA958}.Release|x86.ActiveCfg = Release|Win32
		{3BFCFE98-615A-457C-8527-BEDC74DEA958}.Release|x86.Build.0 = Release|Win32
		{C3E2B952-9D85-4AAB-B244-8E691DC11D92}.Debug|x64.ActiveCfg = Debug|x64
		{C3E2B952-9D85-4AAB-B244-8E691DC11D92}.Debug|x64.Build.0 = Debug|x64
		{C3E2B952-9D85-4AAB-B244-8E691DC11D92}.Debug|x86.ActiveCfg = Debug|Win32
		{C3E2B952-9D85-4AAB-B244-8E691DC11D92}.Debug|x86.Build.0 = Debug|Win32
		{C3E2B952-9D85-4AAB-B244-8E691DC11D92}.Release|x64.ActiveCfg = Release|x64
		{C3E2B952-9D85-4AAB-B244-8E691DC11D92}.Release|x64.Build.0 = Release|x64
		{C3E2B952-9D85-4AAB-B244-8E691DC11D92}.Release|x86.ActiveCfg = Release|Win32
		{C3E2B952-9D85-4AAB-B244-8E691DC11D92}.Release|x86.Build.0 = Release|Win32
		{E1CCDC95-D08E-4DAA-A19A-5804932CAE74}.Debug|x64.ActiveCfg = Debug|x64
		{E1CCDC95-D08E-4DAA-A19A-5804932CAE74}.Debug|x64.Build.0 = Debug|x64
		{E1CCDC95-D08E-4DAA-A19A-5804932CAE74}.Debug|x86.ActiveCfg = Debug|Win32
		{E1CCDC95-D08E-4DAA-A19A-5804932CAE74}.Debug|x86.Build.0 = Debug|Win32
		{E1CCDC95-D08E-4DAA-A19A-5804932CAE74}.Release|x64.ActiveCfg = Release|x64
		{E1CCDC95-D08E-4DAA-A19A-5804932CAE74}.Release|x64.Build.0 = Release|x64
		{E1CCDC95-D08E-4DAA-A19A-5804932CAE74}.Release|x86.ActiveCfg = Release|Win32
		{E1CCDC95-D08E-4DAA-A19A-5804932CAE74}.Release|x86.Build.0 = Release|Win32
	EndGlobalSection
	GlobalSection(SolutionProperties) = preSolution
		HideSolutionNode = FALSE
	EndGlobalSection
	GlobalSection(ExtensibilityGlobals) = postSolution
		SolutionGuid = {D8F0602F-928C-4CE6-9664-34E5AD57555D}
	EndGlobalSection
EndGlobal
