
Microsoft Visual Studio Solution File, Format Version 12.00
# Visual Studio 15
VisualStudioVersion = 15.0.26730.16
MinimumVisualStudioVersion = 10.0.40219.1
Project("{8BC9CEB8-8B4A-11D0-8D11-00A0C91BC942}") = "A", "455\A\A.vcxproj", "{1CB08220-6248-4060-88EE-178BB0992593}"
EndProject
Project("{8BC9CEB8-8B4A-11D0-8D11-00A0C91BC942}") = "B", "455\B\B.vcxproj", "{D54FEA5D-38F1-4499-AB1E-55C91C953EAF}"
EndProject
Project("{8BC9CEB8-8B4A-11D0-8D11-00A0C91BC942}") = "C", "455\C\C.vcxproj", "{075758AB-186F-42F6-B829-6C102EE547B1}"
EndProject
Project("{8BC9CEB8-8B4A-11D0-8D11-00A0C91BC942}") = "D", "455\D\D.vcxproj", "{DCCF9E8D-109E-42A2-9D75-EBB775F55A5C}"
EndProject
Project("{8BC9CEB8-8B4A-11D0-8D11-00A0C91BC942}") = "E", "455\E\E.vcxproj", "{CF8717BD-1B61-49EE-947A-43C92AA96AEB}"
EndProject
Global
	GlobalSection(SolutionConfigurationPlatforms) = preSolution
		Debug|x64 = Debug|x64
		Debug|x86 = Debug|x86
		Release|x64 = Release|x64
		Release|x86 = Release|x86
	EndGlobalSection
	GlobalSection(ProjectConfigurationPlatforms) = postSolution
		{1CB08220-6248-4060-88EE-178BB0992593}.Debug|x64.ActiveCfg = Debug|x64
		{1CB08220-6248-4060-88EE-178BB0992593}.Debug|x64.Build.0 = Debug|x64
		{1CB08220-6248-4060-88EE-178BB0992593}.Debug|x86.ActiveCfg = Debug|Win32
		{1CB08220-6248-4060-88EE-178BB0992593}.Debug|x86.Build.0 = Debug|Win32
		{1CB08220-6248-4060-88EE-178BB0992593}.Release|x64.ActiveCfg = Release|x64
		{1CB08220-6248-4060-88EE-178BB0992593}.Release|x64.Build.0 = Release|x64
		{1CB08220-6248-4060-88EE-178BB0992593}.Release|x86.ActiveCfg = Release|Win32
		{1CB08220-6248-4060-88EE-178BB0992593}.Release|x86.Build.0 = Release|Win32
		{D54FEA5D-38F1-4499-AB1E-55C91C953EAF}.Debug|x64.ActiveCfg = Debug|x64
		{D54FEA5D-38F1-4499-AB1E-55C91C953EAF}.Debug|x64.Build.0 = Debug|x64
		{D54FEA5D-38F1-4499-AB1E-55C91C953EAF}.Debug|x86.ActiveCfg = Debug|Win32
		{D54FEA5D-38F1-4499-AB1E-55C91C953EAF}.Debug|x86.Build.0 = Debug|Win32
		{D54FEA5D-38F1-4499-AB1E-55C91C953EAF}.Release|x64.ActiveCfg = Release|x64
		{D54FEA5D-38F1-4499-AB1E-55C91C953EAF}.Release|x64.Build.0 = Release|x64
		{D54FEA5D-38F1-4499-AB1E-55C91C953EAF}.Release|x86.ActiveCfg = Release|Win32
		{D54FEA5D-38F1-4499-AB1E-55C91C953EAF}.Release|x86.Build.0 = Release|Win32
		{075758AB-186F-42F6-B829-6C102EE547B1}.Debug|x64.ActiveCfg = Debug|x64
		{075758AB-186F-42F6-B829-6C102EE547B1}.Debug|x64.Build.0 = Debug|x64
		{075758AB-186F-42F6-B829-6C102EE547B1}.Debug|x86.ActiveCfg = Debug|Win32
		{075758AB-186F-42F6-B829-6C102EE547B1}.Debug|x86.Build.0 = Debug|Win32
		{075758AB-186F-42F6-B829-6C102EE547B1}.Release|x64.ActiveCfg = Release|x64
		{075758AB-186F-42F6-B829-6C102EE547B1}.Release|x64.Build.0 = Release|x64
		{075758AB-186F-42F6-B829-6C102EE547B1}.Release|x86.ActiveCfg = Release|Win32
		{075758AB-186F-42F6-B829-6C102EE547B1}.Release|x86.Build.0 = Release|Win32
		{DCCF9E8D-109E-42A2-9D75-EBB775F55A5C}.Debug|x64.ActiveCfg = Debug|x64
		{DCCF9E8D-109E-42A2-9D75-EBB775F55A5C}.Debug|x64.Build.0 = Debug|x64
		{DCCF9E8D-109E-42A2-9D75-EBB775F55A5C}.Debug|x86.ActiveCfg = Debug|Win32
		{DCCF9E8D-109E-42A2-9D75-EBB775F55A5C}.Debug|x86.Build.0 = Debug|Win32
		{DCCF9E8D-109E-42A2-9D75-EBB775F55A5C}.Release|x64.ActiveCfg = Release|x64
		{DCCF9E8D-109E-42A2-9D75-EBB775F55A5C}.Release|x64.Build.0 = Release|x64
		{DCCF9E8D-109E-42A2-9D75-EBB775F55A5C}.Release|x86.ActiveCfg = Release|Win32
		{DCCF9E8D-109E-42A2-9D75-EBB775F55A5C}.Release|x86.Build.0 = Release|Win32
		{CF8717BD-1B61-49EE-947A-43C92AA96AEB}.Debug|x64.ActiveCfg = Debug|x64
		{CF8717BD-1B61-49EE-947A-43C92AA96AEB}.Debug|x64.Build.0 = Debug|x64
		{CF8717BD-1B61-49EE-947A-43C92AA96AEB}.Debug|x86.ActiveCfg = Debug|Win32
		{CF8717BD-1B61-49EE-947A-43C92AA96AEB}.Debug|x86.Build.0 = Debug|Win32
		{CF8717BD-1B61-49EE-947A-43C92AA96AEB}.Release|x64.ActiveCfg = Release|x64
		{CF8717BD-1B61-49EE-947A-43C92AA96AEB}.Release|x64.Build.0 = Release|x64
		{CF8717BD-1B61-49EE-947A-43C92AA96AEB}.Release|x86.ActiveCfg = Release|Win32
		{CF8717BD-1B61-49EE-947A-43C92AA96AEB}.Release|x86.Build.0 = Release|Win32
	EndGlobalSection
	GlobalSection(SolutionProperties) = preSolution
		HideSolutionNode = FALSE
	EndGlobalSection
	GlobalSection(ExtensibilityGlobals) = postSolution
		SolutionGuid = {33D05B3A-898B-4DFE-9885-F6470F3797C3}
	EndGlobalSection
EndGlobal
