
Microsoft Visual Studio Solution File, Format Version 12.00
# Visual Studio 15
VisualStudioVersion = 15.0.27428.2043
MinimumVisualStudioVersion = 10.0.40219.1
Project("{8BC9CEB8-8B4A-11D0-8D11-00A0C91BC942}") = "A", "224053\A\A.vcxproj", "{7E188A22-56B9-4D53-AD4D-BE59D5D75347}"
EndProject
Project("{8BC9CEB8-8B4A-11D0-8D11-00A0C91BC942}") = "B", "224053\B\B.vcxproj", "{E898FCD7-6C92-4612-BDFD-9D4E80747A4D}"
EndProject
Project("{8BC9CEB8-8B4A-11D0-8D11-00A0C91BC942}") = "C", "224053\C\C.vcxproj", "{DF2724A9-F857-48C7-87D3-69739D04465D}"
EndProject
Project("{8BC9CEB8-8B4A-11D0-8D11-00A0C91BC942}") = "D", "224053\D\D.vcxproj", "{9028BADE-F601-40B9-943F-53E296B12A50}"
EndProject
Project("{8BC9CEB8-8B4A-11D0-8D11-00A0C91BC942}") = "E", "224053\E\E.vcxproj", "{82293672-D9A5-4F60-AACB-D9DB11A4A5ED}"
EndProject
Project("{8BC9CEB8-8B4A-11D0-8D11-00A0C91BC942}") = "J", "224053\J\J.vcxproj", "{8919072A-D5DA-490D-B7CB-768A15A5F9FB}"
EndProject
Project("{8BC9CEB8-8B4A-11D0-8D11-00A0C91BC942}") = "L", "224053\L\L.vcxproj", "{69203DA3-DA2B-4F73-A2FF-04668AF6E7B0}"
EndProject
Project("{8BC9CEB8-8B4A-11D0-8D11-00A0C91BC942}") = "M", "224053\M\M.vcxproj", "{919E246A-3FF5-4FA8-B096-43A8C5C67F16}"
EndProject
Global
	GlobalSection(SolutionConfigurationPlatforms) = preSolution
		Debug|x64 = Debug|x64
		Debug|x86 = Debug|x86
		Release|x64 = Release|x64
		Release|x86 = Release|x86
	EndGlobalSection
	GlobalSection(ProjectConfigurationPlatforms) = postSolution
		{7E188A22-56B9-4D53-AD4D-BE59D5D75347}.Debug|x64.ActiveCfg = Debug|x64
		{7E188A22-56B9-4D53-AD4D-BE59D5D75347}.Debug|x64.Build.0 = Debug|x64
		{7E188A22-56B9-4D53-AD4D-BE59D5D75347}.Debug|x86.ActiveCfg = Debug|Win32
		{7E188A22-56B9-4D53-AD4D-BE59D5D75347}.Debug|x86.Build.0 = Debug|Win32
		{7E188A22-56B9-4D53-AD4D-BE59D5D75347}.Release|x64.ActiveCfg = Release|x64
		{7E188A22-56B9-4D53-AD4D-BE59D5D75347}.Release|x64.Build.0 = Release|x64
		{7E188A22-56B9-4D53-AD4D-BE59D5D75347}.Release|x86.ActiveCfg = Release|Win32
		{7E188A22-56B9-4D53-AD4D-BE59D5D75347}.Release|x86.Build.0 = Release|Win32
		{E898FCD7-6C92-4612-BDFD-9D4E80747A4D}.Debug|x64.ActiveCfg = Debug|x64
		{E898FCD7-6C92-4612-BDFD-9D4E80747A4D}.Debug|x64.Build.0 = Debug|x64
		{E898FCD7-6C92-4612-BDFD-9D4E80747A4D}.Debug|x86.ActiveCfg = Debug|Win32
		{E898FCD7-6C92-4612-BDFD-9D4E80747A4D}.Debug|x86.Build.0 = Debug|Win32
		{E898FCD7-6C92-4612-BDFD-9D4E80747A4D}.Release|x64.ActiveCfg = Release|x64
		{E898FCD7-6C92-4612-BDFD-9D4E80747A4D}.Release|x64.Build.0 = Release|x64
		{E898FCD7-6C92-4612-BDFD-9D4E80747A4D}.Release|x86.ActiveCfg = Release|Win32
		{E898FCD7-6C92-4612-BDFD-9D4E80747A4D}.Release|x86.Build.0 = Release|Win32
		{DF2724A9-F857-48C7-87D3-69739D04465D}.Debug|x64.ActiveCfg = Debug|x64
		{DF2724A9-F857-48C7-87D3-69739D04465D}.Debug|x64.Build.0 = Debug|x64
		{DF2724A9-F857-48C7-87D3-69739D04465D}.Debug|x86.ActiveCfg = Debug|Win32
		{DF2724A9-F857-48C7-87D3-69739D04465D}.Debug|x86.Build.0 = Debug|Win32
		{DF2724A9-F857-48C7-87D3-69739D04465D}.Release|x64.ActiveCfg = Release|x64
		{DF2724A9-F857-48C7-87D3-69739D04465D}.Release|x64.Build.0 = Release|x64
		{DF2724A9-F857-48C7-87D3-69739D04465D}.Release|x86.ActiveCfg = Release|Win32
		{DF2724A9-F857-48C7-87D3-69739D04465D}.Release|x86.Build.0 = Release|Win32
		{9028BADE-F601-40B9-943F-53E296B12A50}.Debug|x64.ActiveCfg = Debug|x64
		{9028BADE-F601-40B9-943F-53E296B12A50}.Debug|x64.Build.0 = Debug|x64
		{9028BADE-F601-40B9-943F-53E296B12A50}.Debug|x86.ActiveCfg = Debug|Win32
		{9028BADE-F601-40B9-943F-53E296B12A50}.Debug|x86.Build.0 = Debug|Win32
		{9028BADE-F601-40B9-943F-53E296B12A50}.Release|x64.ActiveCfg = Release|x64
		{9028BADE-F601-40B9-943F-53E296B12A50}.Release|x64.Build.0 = Release|x64
		{9028BADE-F601-40B9-943F-53E296B12A50}.Release|x86.ActiveCfg = Release|Win32
		{9028BADE-F601-40B9-943F-53E296B12A50}.Release|x86.Build.0 = Release|Win32
		{82293672-D9A5-4F60-AACB-D9DB11A4A5ED}.Debug|x64.ActiveCfg = Debug|x64
		{82293672-D9A5-4F60-AACB-D9DB11A4A5ED}.Debug|x64.Build.0 = Debug|x64
		{82293672-D9A5-4F60-AACB-D9DB11A4A5ED}.Debug|x86.ActiveCfg = Debug|Win32
		{82293672-D9A5-4F60-AACB-D9DB11A4A5ED}.Debug|x86.Build.0 = Debug|Win32
		{82293672-D9A5-4F60-AACB-D9DB11A4A5ED}.Release|x64.ActiveCfg = Release|x64
		{82293672-D9A5-4F60-AACB-D9DB11A4A5ED}.Release|x64.Build.0 = Release|x64
		{82293672-D9A5-4F60-AACB-D9DB11A4A5ED}.Release|x86.ActiveCfg = Release|Win32
		{82293672-D9A5-4F60-AACB-D9DB11A4A5ED}.Release|x86.Build.0 = Release|Win32
		{8919072A-D5DA-490D-B7CB-768A15A5F9FB}.Debug|x64.ActiveCfg = Debug|x64
		{8919072A-D5DA-490D-B7CB-768A15A5F9FB}.Debug|x64.Build.0 = Debug|x64
		{8919072A-D5DA-490D-B7CB-768A15A5F9FB}.Debug|x86.ActiveCfg = Debug|Win32
		{8919072A-D5DA-490D-B7CB-768A15A5F9FB}.Debug|x86.Build.0 = Debug|Win32
		{8919072A-D5DA-490D-B7CB-768A15A5F9FB}.Release|x64.ActiveCfg = Release|x64
		{8919072A-D5DA-490D-B7CB-768A15A5F9FB}.Release|x64.Build.0 = Release|x64
		{8919072A-D5DA-490D-B7CB-768A15A5F9FB}.Release|x86.ActiveCfg = Release|Win32
		{8919072A-D5DA-490D-B7CB-768A15A5F9FB}.Release|x86.Build.0 = Release|Win32
		{69203DA3-DA2B-4F73-A2FF-04668AF6E7B0}.Debug|x64.ActiveCfg = Debug|x64
		{69203DA3-DA2B-4F73-A2FF-04668AF6E7B0}.Debug|x64.Build.0 = Debug|x64
		{69203DA3-DA2B-4F73-A2FF-04668AF6E7B0}.Debug|x86.ActiveCfg = Debug|Win32
		{69203DA3-DA2B-4F73-A2FF-04668AF6E7B0}.Debug|x86.Build.0 = Debug|Win32
		{69203DA3-DA2B-4F73-A2FF-04668AF6E7B0}.Release|x64.ActiveCfg = Release|x64
		{69203DA3-DA2B-4F73-A2FF-04668AF6E7B0}.Release|x64.Build.0 = Release|x64
		{69203DA3-DA2B-4F73-A2FF-04668AF6E7B0}.Release|x86.ActiveCfg = Release|Win32
		{69203DA3-DA2B-4F73-A2FF-04668AF6E7B0}.Release|x86.Build.0 = Release|Win32
		{919E246A-3FF5-4FA8-B096-43A8C5C67F16}.Debug|x64.ActiveCfg = Debug|x64
		{919E246A-3FF5-4FA8-B096-43A8C5C67F16}.Debug|x64.Build.0 = Debug|x64
		{919E246A-3FF5-4FA8-B096-43A8C5C67F16}.Debug|x86.ActiveCfg = Debug|Win32
		{919E246A-3FF5-4FA8-B096-43A8C5C67F16}.Debug|x86.Build.0 = Debug|Win32
		{919E246A-3FF5-4FA8-B096-43A8C5C67F16}.Release|x64.ActiveCfg = Release|x64
		{919E246A-3FF5-4FA8-B096-43A8C5C67F16}.Release|x64.Build.0 = Release|x64
		{919E246A-3FF5-4FA8-B096-43A8C5C67F16}.Release|x86.ActiveCfg = Release|Win32
		{919E246A-3FF5-4FA8-B096-43A8C5C67F16}.Release|x86.Build.0 = Release|Win32
	EndGlobalSection
	GlobalSection(SolutionProperties) = preSolution
		HideSolutionNode = FALSE
	EndGlobalSection
	GlobalSection(ExtensibilityGlobals) = postSolution
		SolutionGuid = {6A115F01-331A-49D7-A13B-4AA55305841F}
	EndGlobalSection
EndGlobal
