
Microsoft Visual Studio Solution File, Format Version 12.00
# Visual Studio 15
VisualStudioVersion = 15.0.26730.16
MinimumVisualStudioVersion = 10.0.40219.1
Project("{8BC9CEB8-8B4A-11D0-8D11-00A0C91BC942}") = "A", "363\A\A.vcxproj", "{E5214517-5CEC-46DB-9A66-61D4E1A0341E}"
EndProject
Project("{8BC9CEB8-8B4A-11D0-8D11-00A0C91BC942}") = "B", "363\B\B.vcxproj", "{8E0BFFEA-95D8-4A08-96C3-9D9BC17A1B5D}"
EndProject
Project("{8BC9CEB8-8B4A-11D0-8D11-00A0C91BC942}") = "C", "363\C\C.vcxproj", "{D0866555-56E4-4CF3-9491-DA7885E31B23}"
EndProject
Project("{8BC9CEB8-8B4A-11D0-8D11-00A0C91BC942}") = "D", "363\D\D.vcxproj", "{5E5E2D66-32DB-4C49-8D63-E4535DB6DA3C}"
EndProject
Project("{8BC9CEB8-8B4A-11D0-8D11-00A0C91BC942}") = "E", "363\E\E.vcxproj", "{649E1281-C341-49D7-9A89-8B5BEC54BB26}"
EndProject
Global
	GlobalSection(SolutionConfigurationPlatforms) = preSolution
		Debug|x64 = Debug|x64
		Debug|x86 = Debug|x86
		Release|x64 = Release|x64
		Release|x86 = Release|x86
	EndGlobalSection
	GlobalSection(ProjectConfigurationPlatforms) = postSolution
		{E5214517-5CEC-46DB-9A66-61D4E1A0341E}.Debug|x64.ActiveCfg = Debug|x64
		{E5214517-5CEC-46DB-9A66-61D4E1A0341E}.Debug|x64.Build.0 = Debug|x64
		{E5214517-5CEC-46DB-9A66-61D4E1A0341E}.Debug|x86.ActiveCfg = Debug|Win32
		{E5214517-5CEC-46DB-9A66-61D4E1A0341E}.Debug|x86.Build.0 = Debug|Win32
		{E5214517-5CEC-46DB-9A66-61D4E1A0341E}.Release|x64.ActiveCfg = Release|x64
		{E5214517-5CEC-46DB-9A66-61D4E1A0341E}.Release|x64.Build.0 = Release|x64
		{E5214517-5CEC-46DB-9A66-61D4E1A0341E}.Release|x86.ActiveCfg = Release|Win32
		{E5214517-5CEC-46DB-9A66-61D4E1A0341E}.Release|x86.Build.0 = Release|Win32
		{8E0BFFEA-95D8-4A08-96C3-9D9BC17A1B5D}.Debug|x64.ActiveCfg = Debug|x64
		{8E0BFFEA-95D8-4A08-96C3-9D9BC17A1B5D}.Debug|x64.Build.0 = Debug|x64
		{8E0BFFEA-95D8-4A08-96C3-9D9BC17A1B5D}.Debug|x86.ActiveCfg = Debug|Win32
		{8E0BFFEA-95D8-4A08-96C3-9D9BC17A1B5D}.Debug|x86.Build.0 = Debug|Win32
		{8E0BFFEA-95D8-4A08-96C3-9D9BC17A1B5D}.Release|x64.ActiveCfg = Release|x64
		{8E0BFFEA-95D8-4A08-96C3-9D9BC17A1B5D}.Release|x64.Build.0 = Release|x64
		{8E0BFFEA-95D8-4A08-96C3-9D9BC17A1B5D}.Release|x86.ActiveCfg = Release|Win32
		{8E0BFFEA-95D8-4A08-96C3-9D9BC17A1B5D}.Release|x86.Build.0 = Release|Win32
		{D0866555-56E4-4CF3-9491-DA7885E31B23}.Debug|x64.ActiveCfg = Debug|x64
		{D0866555-56E4-4CF3-9491-DA7885E31B23}.Debug|x64.Build.0 = Debug|x64
		{D0866555-56E4-4CF3-9491-DA7885E31B23}.Debug|x86.ActiveCfg = Debug|Win32
		{D0866555-56E4-4CF3-9491-DA7885E31B23}.Debug|x86.Build.0 = Debug|Win32
		{D0866555-56E4-4CF3-9491-DA7885E31B23}.Release|x64.ActiveCfg = Release|x64
		{D0866555-56E4-4CF3-9491-DA7885E31B23}.Release|x64.Build.0 = Release|x64
		{D0866555-56E4-4CF3-9491-DA7885E31B23}.Release|x86.ActiveCfg = Release|Win32
		{D0866555-56E4-4CF3-9491-DA7885E31B23}.Release|x86.Build.0 = Release|Win32
		{5E5E2D66-32DB-4C49-8D63-E4535DB6DA3C}.Debug|x64.ActiveCfg = Debug|x64
		{5E5E2D66-32DB-4C49-8D63-E4535DB6DA3C}.Debug|x64.Build.0 = Debug|x64
		{5E5E2D66-32DB-4C49-8D63-E4535DB6DA3C}.Debug|x86.ActiveCfg = Debug|Win32
		{5E5E2D66-32DB-4C49-8D63-E4535DB6DA3C}.Debug|x86.Build.0 = Debug|Win32
		{5E5E2D66-32DB-4C49-8D63-E4535DB6DA3C}.Release|x64.ActiveCfg = Release|x64
		{5E5E2D66-32DB-4C49-8D63-E4535DB6DA3C}.Release|x64.Build.0 = Release|x64
		{5E5E2D66-32DB-4C49-8D63-E4535DB6DA3C}.Release|x86.ActiveCfg = Release|Win32
		{5E5E2D66-32DB-4C49-8D63-E4535DB6DA3C}.Release|x86.Build.0 = Release|Win32
		{649E1281-C341-49D7-9A89-8B5BEC54BB26}.Debug|x64.ActiveCfg = Debug|x64
		{649E1281-C341-49D7-9A89-8B5BEC54BB26}.Debug|x64.Build.0 = Debug|x64
		{649E1281-C341-49D7-9A89-8B5BEC54BB26}.Debug|x86.ActiveCfg = Debug|Win32
		{649E1281-C341-49D7-9A89-8B5BEC54BB26}.Debug|x86.Build.0 = Debug|Win32
		{649E1281-C341-49D7-9A89-8B5BEC54BB26}.Release|x64.ActiveCfg = Release|x64
		{649E1281-C341-49D7-9A89-8B5BEC54BB26}.Release|x64.Build.0 = Release|x64
		{649E1281-C341-49D7-9A89-8B5BEC54BB26}.Release|x86.ActiveCfg = Release|Win32
		{649E1281-C341-49D7-9A89-8B5BEC54BB26}.Release|x86.Build.0 = Release|Win32
	EndGlobalSection
	GlobalSection(SolutionProperties) = preSolution
		HideSolutionNode = FALSE
	EndGlobalSection
	GlobalSection(ExtensibilityGlobals) = postSolution
		SolutionGuid = {2399391E-9141-440E-B367-CCE7EC95A841}
	EndGlobalSection
EndGlobal
