
Microsoft Visual Studio Solution File, Format Version 12.00
# Visual Studio 15
VisualStudioVersion = 15.0.26730.16
MinimumVisualStudioVersion = 10.0.40219.1
Project("{8BC9CEB8-8B4A-11D0-8D11-00A0C91BC942}") = "A", "776\A\A.vcxproj", "{C0DFA050-BB16-4042-94D9-EE824AAB83E3}"
EndProject
Project("{8BC9CEB8-8B4A-11D0-8D11-00A0C91BC942}") = "B", "776\B\B.vcxproj", "{66DCBF85-79AF-421F-8847-FC1FFC406303}"
EndProject
Project("{8BC9CEB8-8B4A-11D0-8D11-00A0C91BC942}") = "C", "776\C\C.vcxproj", "{35CC273C-59BF-42E1-B9C8-9DE73858B0F2}"
EndProject
Project("{8BC9CEB8-8B4A-11D0-8D11-00A0C91BC942}") = "D", "776\D\D.vcxproj", "{E7929FFD-7C7C-4530-9D0A-FA6899B73559}"
EndProject
Project("{8BC9CEB8-8B4A-11D0-8D11-00A0C91BC942}") = "E", "776\E\E.vcxproj", "{4B57CD6C-6C17-4D17-A11B-DDA81586FBD0}"
EndProject
Global
	GlobalSection(SolutionConfigurationPlatforms) = preSolution
		Debug|x64 = Debug|x64
		Debug|x86 = Debug|x86
		Release|x64 = Release|x64
		Release|x86 = Release|x86
	EndGlobalSection
	GlobalSection(ProjectConfigurationPlatforms) = postSolution
		{C0DFA050-BB16-4042-94D9-EE824AAB83E3}.Debug|x64.ActiveCfg = Debug|x64
		{C0DFA050-BB16-4042-94D9-EE824AAB83E3}.Debug|x64.Build.0 = Debug|x64
		{C0DFA050-BB16-4042-94D9-EE824AAB83E3}.Debug|x86.ActiveCfg = Debug|Win32
		{C0DFA050-BB16-4042-94D9-EE824AAB83E3}.Debug|x86.Build.0 = Debug|Win32
		{C0DFA050-BB16-4042-94D9-EE824AAB83E3}.Release|x64.ActiveCfg = Release|x64
		{C0DFA050-BB16-4042-94D9-EE824AAB83E3}.Release|x64.Build.0 = Release|x64
		{C0DFA050-BB16-4042-94D9-EE824AAB83E3}.Release|x86.ActiveCfg = Release|Win32
		{C0DFA050-BB16-4042-94D9-EE824AAB83E3}.Release|x86.Build.0 = Release|Win32
		{66DCBF85-79AF-421F-8847-FC1FFC406303}.Debug|x64.ActiveCfg = Debug|x64
		{66DCBF85-79AF-421F-8847-FC1FFC406303}.Debug|x64.Build.0 = Debug|x64
		{66DCBF85-79AF-421F-8847-FC1FFC406303}.Debug|x86.ActiveCfg = Debug|Win32
		{66DCBF85-79AF-421F-8847-FC1FFC406303}.Debug|x86.Build.0 = Debug|Win32
		{66DCBF85-79AF-421F-8847-FC1FFC406303}.Release|x64.ActiveCfg = Release|x64
		{66DCBF85-79AF-421F-8847-FC1FFC406303}.Release|x64.Build.0 = Release|x64
		{66DCBF85-79AF-421F-8847-FC1FFC406303}.Release|x86.ActiveCfg = Release|Win32
		{66DCBF85-79AF-421F-8847-FC1FFC406303}.Release|x86.Build.0 = Release|Win32
		{35CC273C-59BF-42E1-B9C8-9DE73858B0F2}.Debug|x64.ActiveCfg = Debug|x64
		{35CC273C-59BF-42E1-B9C8-9DE73858B0F2}.Debug|x64.Build.0 = Debug|x64
		{35CC273C-59BF-42E1-B9C8-9DE73858B0F2}.Debug|x86.ActiveCfg = Debug|Win32
		{35CC273C-59BF-42E1-B9C8-9DE73858B0F2}.Debug|x86.Build.0 = Debug|Win32
		{35CC273C-59BF-42E1-B9C8-9DE73858B0F2}.Release|x64.ActiveCfg = Release|x64
		{35CC273C-59BF-42E1-B9C8-9DE73858B0F2}.Release|x64.Build.0 = Release|x64
		{35CC273C-59BF-42E1-B9C8-9DE73858B0F2}.Release|x86.ActiveCfg = Release|Win32
		{35CC273C-59BF-42E1-B9C8-9DE73858B0F2}.Release|x86.Build.0 = Release|Win32
		{E7929FFD-7C7C-4530-9D0A-FA6899B73559}.Debug|x64.ActiveCfg = Debug|x64
		{E7929FFD-7C7C-4530-9D0A-FA6899B73559}.Debug|x64.Build.0 = Debug|x64
		{E7929FFD-7C7C-4530-9D0A-FA6899B73559}.Debug|x86.ActiveCfg = Debug|Win32
		{E7929FFD-7C7C-4530-9D0A-FA6899B73559}.Debug|x86.Build.0 = Debug|Win32
		{E7929FFD-7C7C-4530-9D0A-FA6899B73559}.Release|x64.ActiveCfg = Release|x64
		{E7929FFD-7C7C-4530-9D0A-FA6899B73559}.Release|x64.Build.0 = Release|x64
		{E7929FFD-7C7C-4530-9D0A-FA6899B73559}.Release|x86.ActiveCfg = Release|Win32
		{E7929FFD-7C7C-4530-9D0A-FA6899B73559}.Release|x86.Build.0 = Release|Win32
		{4B57CD6C-6C17-4D17-A11B-DDA81586FBD0}.Debug|x64.ActiveCfg = Debug|x64
		{4B57CD6C-6C17-4D17-A11B-DDA81586FBD0}.Debug|x64.Build.0 = Debug|x64
		{4B57CD6C-6C17-4D17-A11B-DDA81586FBD0}.Debug|x86.ActiveCfg = Debug|Win32
		{4B57CD6C-6C17-4D17-A11B-DDA81586FBD0}.Debug|x86.Build.0 = Debug|Win32
		{4B57CD6C-6C17-4D17-A11B-DDA81586FBD0}.Release|x64.ActiveCfg = Release|x64
		{4B57CD6C-6C17-4D17-A11B-DDA81586FBD0}.Release|x64.Build.0 = Release|x64
		{4B57CD6C-6C17-4D17-A11B-DDA81586FBD0}.Release|x86.ActiveCfg = Release|Win32
		{4B57CD6C-6C17-4D17-A11B-DDA81586FBD0}.Release|x86.Build.0 = Release|Win32
	EndGlobalSection
	GlobalSection(SolutionProperties) = preSolution
		HideSolutionNode = FALSE
	EndGlobalSection
	GlobalSection(ExtensibilityGlobals) = postSolution
		SolutionGuid = {A664CE80-CF4E-461B-B4F1-6D76A0830A3E}
	EndGlobalSection
EndGlobal
