
Microsoft Visual Studio Solution File, Format Version 12.00
# Visual Studio 15
VisualStudioVersion = 15.0.27004.2005
MinimumVisualStudioVersion = 10.0.40219.1
Project("{8BC9CEB8-8B4A-11D0-8D11-00A0C91BC942}") = "A", "978\A\A.vcxproj", "{410B86E5-FF2B-4712-BB20-77F26FDCC9EB}"
EndProject
Project("{8BC9CEB8-8B4A-11D0-8D11-00A0C91BC942}") = "B", "978\B\B.vcxproj", "{80552F8A-C046-4DC5-A5C4-16F362B61B3F}"
EndProject
Project("{8BC9CEB8-8B4A-11D0-8D11-00A0C91BC942}") = "C", "978\C\C.vcxproj", "{8A3F1E37-039A-493A-8FFD-1E5BAB578793}"
EndProject
Project("{8BC9CEB8-8B4A-11D0-8D11-00A0C91BC942}") = "D", "978\D\D.vcxproj", "{18AD958F-00E3-4B93-8C92-858169623B9E}"
EndProject
Project("{8BC9CEB8-8B4A-11D0-8D11-00A0C91BC942}") = "E", "978\E\E.vcxproj", "{3A1B8801-E7A2-4A9B-8D5C-9CEEC9671893}"
EndProject
Global
	GlobalSection(SolutionConfigurationPlatforms) = preSolution
		Debug|x64 = Debug|x64
		Debug|x86 = Debug|x86
		Release|x64 = Release|x64
		Release|x86 = Release|x86
	EndGlobalSection
	GlobalSection(ProjectConfigurationPlatforms) = postSolution
		{410B86E5-FF2B-4712-BB20-77F26FDCC9EB}.Debug|x64.ActiveCfg = Debug|x64
		{410B86E5-FF2B-4712-BB20-77F26FDCC9EB}.Debug|x64.Build.0 = Debug|x64
		{410B86E5-FF2B-4712-BB20-77F26FDCC9EB}.Debug|x86.ActiveCfg = Debug|Win32
		{410B86E5-FF2B-4712-BB20-77F26FDCC9EB}.Debug|x86.Build.0 = Debug|Win32
		{410B86E5-FF2B-4712-BB20-77F26FDCC9EB}.Release|x64.ActiveCfg = Release|x64
		{410B86E5-FF2B-4712-BB20-77F26FDCC9EB}.Release|x64.Build.0 = Release|x64
		{410B86E5-FF2B-4712-BB20-77F26FDCC9EB}.Release|x86.ActiveCfg = Release|Win32
		{410B86E5-FF2B-4712-BB20-77F26FDCC9EB}.Release|x86.Build.0 = Release|Win32
		{80552F8A-C046-4DC5-A5C4-16F362B61B3F}.Debug|x64.ActiveCfg = Debug|x64
		{80552F8A-C046-4DC5-A5C4-16F362B61B3F}.Debug|x64.Build.0 = Debug|x64
		{80552F8A-C046-4DC5-A5C4-16F362B61B3F}.Debug|x86.ActiveCfg = Debug|Win32
		{80552F8A-C046-4DC5-A5C4-16F362B61B3F}.Debug|x86.Build.0 = Debug|Win32
		{80552F8A-C046-4DC5-A5C4-16F362B61B3F}.Release|x64.ActiveCfg = Release|x64
		{80552F8A-C046-4DC5-A5C4-16F362B61B3F}.Release|x64.Build.0 = Release|x64
		{80552F8A-C046-4DC5-A5C4-16F362B61B3F}.Release|x86.ActiveCfg = Release|Win32
		{80552F8A-C046-4DC5-A5C4-16F362B61B3F}.Release|x86.Build.0 = Release|Win32
		{8A3F1E37-039A-493A-8FFD-1E5BAB578793}.Debug|x64.ActiveCfg = Debug|x64
		{8A3F1E37-039A-493A-8FFD-1E5BAB578793}.Debug|x64.Build.0 = Debug|x64
		{8A3F1E37-039A-493A-8FFD-1E5BAB578793}.Debug|x86.ActiveCfg = Debug|Win32
		{8A3F1E37-039A-493A-8FFD-1E5BAB578793}.Debug|x86.Build.0 = Debug|Win32
		{8A3F1E37-039A-493A-8FFD-1E5BAB578793}.Release|x64.ActiveCfg = Release|x64
		{8A3F1E37-039A-493A-8FFD-1E5BAB578793}.Release|x64.Build.0 = Release|x64
		{8A3F1E37-039A-493A-8FFD-1E5BAB578793}.Release|x86.ActiveCfg = Release|Win32
		{8A3F1E37-039A-493A-8FFD-1E5BAB578793}.Release|x86.Build.0 = Release|Win32
		{18AD958F-00E3-4B93-8C92-858169623B9E}.Debug|x64.ActiveCfg = Debug|x64
		{18AD958F-00E3-4B93-8C92-858169623B9E}.Debug|x64.Build.0 = Debug|x64
		{18AD958F-00E3-4B93-8C92-858169623B9E}.Debug|x86.ActiveCfg = Debug|Win32
		{18AD958F-00E3-4B93-8C92-858169623B9E}.Debug|x86.Build.0 = Debug|Win32
		{18AD958F-00E3-4B93-8C92-858169623B9E}.Release|x64.ActiveCfg = Release|x64
		{18AD958F-00E3-4B93-8C92-858169623B9E}.Release|x64.Build.0 = Release|x64
		{18AD958F-00E3-4B93-8C92-858169623B9E}.Release|x86.ActiveCfg = Release|Win32
		{18AD958F-00E3-4B93-8C92-858169623B9E}.Release|x86.Build.0 = Release|Win32
		{3A1B8801-E7A2-4A9B-8D5C-9CEEC9671893}.Debug|x64.ActiveCfg = Debug|x64
		{3A1B8801-E7A2-4A9B-8D5C-9CEEC9671893}.Debug|x64.Build.0 = Debug|x64
		{3A1B8801-E7A2-4A9B-8D5C-9CEEC9671893}.Debug|x86.ActiveCfg = Debug|Win32
		{3A1B8801-E7A2-4A9B-8D5C-9CEEC9671893}.Debug|x86.Build.0 = Debug|Win32
		{3A1B8801-E7A2-4A9B-8D5C-9CEEC9671893}.Release|x64.ActiveCfg = Release|x64
		{3A1B8801-E7A2-4A9B-8D5C-9CEEC9671893}.Release|x64.Build.0 = Release|x64
		{3A1B8801-E7A2-4A9B-8D5C-9CEEC9671893}.Release|x86.ActiveCfg = Release|Win32
		{3A1B8801-E7A2-4A9B-8D5C-9CEEC9671893}.Release|x86.Build.0 = Release|Win32
	EndGlobalSection
	GlobalSection(SolutionProperties) = preSolution
		HideSolutionNode = FALSE
	EndGlobalSection
	GlobalSection(ExtensibilityGlobals) = postSolution
		SolutionGuid = {9B6DB572-2BC4-44F0-B926-836C4032E21E}
	EndGlobalSection
EndGlobal
