
Microsoft Visual Studio Solution File, Format Version 12.00
# Visual Studio 15
VisualStudioVersion = 15.0.27004.2005
MinimumVisualStudioVersion = 10.0.40219.1
Project("{8BC9CEB8-8B4A-11D0-8D11-00A0C91BC942}") = "A", "980\A\A.vcxproj", "{A795980D-CF21-43AC-B3B7-8CA37502DF81}"
EndProject
Project("{8BC9CEB8-8B4A-11D0-8D11-00A0C91BC942}") = "B", "980\B\B.vcxproj", "{F1FF1014-4835-48FE-8F17-A2CAD872299C}"
EndProject
Project("{8BC9CEB8-8B4A-11D0-8D11-00A0C91BC942}") = "C", "980\C\C.vcxproj", "{25B64D17-8652-4C9E-8FDA-756EE6CF9D89}"
EndProject
Project("{8BC9CEB8-8B4A-11D0-8D11-00A0C91BC942}") = "D", "980\D\D.vcxproj", "{C3D60C75-3946-4ED5-8BC2-4DA3E39A8966}"
EndProject
Project("{8BC9CEB8-8B4A-11D0-8D11-00A0C91BC942}") = "E", "980\E\E.vcxproj", "{4C6458AB-6C76-4D24-8595-D7A16572E93F}"
EndProject
Global
	GlobalSection(SolutionConfigurationPlatforms) = preSolution
		Debug|x64 = Debug|x64
		Debug|x86 = Debug|x86
		Release|x64 = Release|x64
		Release|x86 = Release|x86
	EndGlobalSection
	GlobalSection(ProjectConfigurationPlatforms) = postSolution
		{A795980D-CF21-43AC-B3B7-8CA37502DF81}.Debug|x64.ActiveCfg = Debug|x64
		{A795980D-CF21-43AC-B3B7-8CA37502DF81}.Debug|x64.Build.0 = Debug|x64
		{A795980D-CF21-43AC-B3B7-8CA37502DF81}.Debug|x86.ActiveCfg = Debug|Win32
		{A795980D-CF21-43AC-B3B7-8CA37502DF81}.Debug|x86.Build.0 = Debug|Win32
		{A795980D-CF21-43AC-B3B7-8CA37502DF81}.Release|x64.ActiveCfg = Release|x64
		{A795980D-CF21-43AC-B3B7-8CA37502DF81}.Release|x64.Build.0 = Release|x64
		{A795980D-CF21-43AC-B3B7-8CA37502DF81}.Release|x86.ActiveCfg = Release|Win32
		{A795980D-CF21-43AC-B3B7-8CA37502DF81}.Release|x86.Build.0 = Release|Win32
		{F1FF1014-4835-48FE-8F17-A2CAD872299C}.Debug|x64.ActiveCfg = Debug|x64
		{F1FF1014-4835-48FE-8F17-A2CAD872299C}.Debug|x64.Build.0 = Debug|x64
		{F1FF1014-4835-48FE-8F17-A2CAD872299C}.Debug|x86.ActiveCfg = Debug|Win32
		{F1FF1014-4835-48FE-8F17-A2CAD872299C}.Debug|x86.Build.0 = Debug|Win32
		{F1FF1014-4835-48FE-8F17-A2CAD872299C}.Release|x64.ActiveCfg = Release|x64
		{F1FF1014-4835-48FE-8F17-A2CAD872299C}.Release|x64.Build.0 = Release|x64
		{F1FF1014-4835-48FE-8F17-A2CAD872299C}.Release|x86.ActiveCfg = Release|Win32
		{F1FF1014-4835-48FE-8F17-A2CAD872299C}.Release|x86.Build.0 = Release|Win32
		{25B64D17-8652-4C9E-8FDA-756EE6CF9D89}.Debug|x64.ActiveCfg = Debug|x64
		{25B64D17-8652-4C9E-8FDA-756EE6CF9D89}.Debug|x64.Build.0 = Debug|x64
		{25B64D17-8652-4C9E-8FDA-756EE6CF9D89}.Debug|x86.ActiveCfg = Debug|Win32
		{25B64D17-8652-4C9E-8FDA-756EE6CF9D89}.Debug|x86.Build.0 = Debug|Win32
		{25B64D17-8652-4C9E-8FDA-756EE6CF9D89}.Release|x64.ActiveCfg = Release|x64
		{25B64D17-8652-4C9E-8FDA-756EE6CF9D89}.Release|x64.Build.0 = Release|x64
		{25B64D17-8652-4C9E-8FDA-756EE6CF9D89}.Release|x86.ActiveCfg = Release|Win32
		{25B64D17-8652-4C9E-8FDA-756EE6CF9D89}.Release|x86.Build.0 = Release|Win32
		{C3D60C75-3946-4ED5-8BC2-4DA3E39A8966}.Debug|x64.ActiveCfg = Debug|x64
		{C3D60C75-3946-4ED5-8BC2-4DA3E39A8966}.Debug|x64.Build.0 = Debug|x64
		{C3D60C75-3946-4ED5-8BC2-4DA3E39A8966}.Debug|x86.ActiveCfg = Debug|Win32
		{C3D60C75-3946-4ED5-8BC2-4DA3E39A8966}.Debug|x86.Build.0 = Debug|Win32
		{C3D60C75-3946-4ED5-8BC2-4DA3E39A8966}.Release|x64.ActiveCfg = Release|x64
		{C3D60C75-3946-4ED5-8BC2-4DA3E39A8966}.Release|x64.Build.0 = Release|x64
		{C3D60C75-3946-4ED5-8BC2-4DA3E39A8966}.Release|x86.ActiveCfg = Release|Win32
		{C3D60C75-3946-4ED5-8BC2-4DA3E39A8966}.Release|x86.Build.0 = Release|Win32
		{4C6458AB-6C76-4D24-8595-D7A16572E93F}.Debug|x64.ActiveCfg = Debug|x64
		{4C6458AB-6C76-4D24-8595-D7A16572E93F}.Debug|x64.Build.0 = Debug|x64
		{4C6458AB-6C76-4D24-8595-D7A16572E93F}.Debug|x86.ActiveCfg = Debug|Win32
		{4C6458AB-6C76-4D24-8595-D7A16572E93F}.Debug|x86.Build.0 = Debug|Win32
		{4C6458AB-6C76-4D24-8595-D7A16572E93F}.Release|x64.ActiveCfg = Release|x64
		{4C6458AB-6C76-4D24-8595-D7A16572E93F}.Release|x64.Build.0 = Release|x64
		{4C6458AB-6C76-4D24-8595-D7A16572E93F}.Release|x86.ActiveCfg = Release|Win32
		{4C6458AB-6C76-4D24-8595-D7A16572E93F}.Release|x86.Build.0 = Release|Win32
	EndGlobalSection
	GlobalSection(SolutionProperties) = preSolution
		HideSolutionNode = FALSE
	EndGlobalSection
	GlobalSection(ExtensibilityGlobals) = postSolution
		SolutionGuid = {22068779-6C30-4DC1-8D1E-E5B66B85078A}
	EndGlobalSection
EndGlobal
